// !$*UTF8*$!
{
	archiveVersion = 1;
	classes = {
	};
	objectVersion = 46;
	objects = {

/* Begin PBXBuildFile section */
		811A0D621BB2F20100B73C09 /* main.m in Sources */ = {isa = PBXBuildFile; fileRef = 811A0D611BB2F20100B73C09 /* main.m */; };
		811A0D651BB2F20100B73C09 /* AppDelegate.m in Sources */ = {isa = PBXBuildFile; fileRef = 811A0D641BB2F20100B73C09 /* AppDelegate.m */; };
		811A0D701BB2F20100B73C09 /* Images.xcassets in Resources */ = {isa = PBXBuildFile; fileRef = 811A0D6F1BB2F20100B73C09 /* Images.xcassets */; };
		811A0D731BB2F20100B73C09 /* LaunchScreen.xib in Resources */ = {isa = PBXBuildFile; fileRef = 811A0D711BB2F20100B73C09 /* LaunchScreen.xib */; };
		811A0D7F1BB2F20100B73C09 /* WorldpaySDKDemoTests.m in Sources */ = {isa = PBXBuildFile; fileRef = 811A0D7E1BB2F20100B73C09 /* WorldpaySDKDemoTests.m */; };
		814EDBF61C69636E0010877C /* AppDelegate.m in Sources */ = {isa = PBXBuildFile; fileRef = 811A0D641BB2F20100B73C09 /* AppDelegate.m */; };
		814EDBF81C69636E0010877C /* main.m in Sources */ = {isa = PBXBuildFile; fileRef = 811A0D611BB2F20100B73C09 /* main.m */; };
		814EDBFF1C69636E0010877C /* LaunchScreen.xib in Resources */ = {isa = PBXBuildFile; fileRef = 811A0D711BB2F20100B73C09 /* LaunchScreen.xib */; };
		814EDC001C69636E0010877C /* Images.xcassets in Resources */ = {isa = PBXBuildFile; fileRef = 811A0D6F1BB2F20100B73C09 /* Images.xcassets */; };
		850C57571DCA53E300B1F6B0 /* HomeViewController.m in Sources */ = {isa = PBXBuildFile; fileRef = 850C57551DCA53E300B1F6B0 /* HomeViewController.m */; };
		850C57581DCA53E300B1F6B0 /* HomeViewController.m in Sources */ = {isa = PBXBuildFile; fileRef = 850C57551DCA53E300B1F6B0 /* HomeViewController.m */; };
		850C57591DCA53E300B1F6B0 /* HomeViewController.xib in Resources */ = {isa = PBXBuildFile; fileRef = 850C57561DCA53E300B1F6B0 /* HomeViewController.xib */; };
		850C575A1DCA53E300B1F6B0 /* HomeViewController.xib in Resources */ = {isa = PBXBuildFile; fileRef = 850C57561DCA53E300B1F6B0 /* HomeViewController.xib */; };
		85824BC61DC9175700CD6052 /* LabeledTextField.m in Sources */ = {isa = PBXBuildFile; fileRef = 85824BC51DC9175700CD6052 /* LabeledTextField.m */; };
		85824BC71DC9175700CD6052 /* LabeledTextField.m in Sources */ = {isa = PBXBuildFile; fileRef = 85824BC51DC9175700CD6052 /* LabeledTextField.m */; };
		85824BCC1DC919AE00CD6052 /* LabeledTextField.xib in Resources */ = {isa = PBXBuildFile; fileRef = 85824BCB1DC919AD00CD6052 /* LabeledTextField.xib */; };
		85824BCD1DC919AE00CD6052 /* LabeledTextField.xib in Resources */ = {isa = PBXBuildFile; fileRef = 85824BCB1DC919AD00CD6052 /* LabeledTextField.xib */; };
		85824BD01DC9230800CD6052 /* LabeledDropDownTextField.m in Sources */ = {isa = PBXBuildFile; fileRef = 85824BCF1DC9230800CD6052 /* LabeledDropDownTextField.m */; };
		85824BD11DC9230800CD6052 /* LabeledDropDownTextField.m in Sources */ = {isa = PBXBuildFile; fileRef = 85824BCF1DC9230800CD6052 /* LabeledDropDownTextField.m */; };
		85824BD31DC923B000CD6052 /* LabeledDropDownTextField.xib in Resources */ = {isa = PBXBuildFile; fileRef = 85824BD21DC923B000CD6052 /* LabeledDropDownTextField.xib */; };
		85824BD41DC923B000CD6052 /* LabeledDropDownTextField.xib in Resources */ = {isa = PBXBuildFile; fileRef = 85824BD21DC923B000CD6052 /* LabeledDropDownTextField.xib */; };
		859D8E951DB0163F006BD88E /* VaultViewController.m in Sources */ = {isa = PBXBuildFile; fileRef = 859D8E931DB0163F006BD88E /* VaultViewController.m */; };
		859D8E961DB0163F006BD88E /* VaultViewController.m in Sources */ = {isa = PBXBuildFile; fileRef = 859D8E931DB0163F006BD88E /* VaultViewController.m */; };
		859D8E971DB0163F006BD88E /* VaultViewController.xib in Resources */ = {isa = PBXBuildFile; fileRef = 859D8E941DB0163F006BD88E /* VaultViewController.xib */; };
		859D8E981DB0163F006BD88E /* VaultViewController.xib in Resources */ = {isa = PBXBuildFile; fileRef = 859D8E941DB0163F006BD88E /* VaultViewController.xib */; };
		859D8E9C1DB01D59006BD88E /* CustomerViewController.m in Sources */ = {isa = PBXBuildFile; fileRef = 859D8E9A1DB01D59006BD88E /* CustomerViewController.m */; };
		859D8E9D1DB01D59006BD88E /* CustomerViewController.m in Sources */ = {isa = PBXBuildFile; fileRef = 859D8E9A1DB01D59006BD88E /* CustomerViewController.m */; };
		859D8E9E1DB01D59006BD88E /* CustomerViewController.xib in Resources */ = {isa = PBXBuildFile; fileRef = 859D8E9B1DB01D59006BD88E /* CustomerViewController.xib */; };
		859D8E9F1DB01D59006BD88E /* CustomerViewController.xib in Resources */ = {isa = PBXBuildFile; fileRef = 859D8E9B1DB01D59006BD88E /* CustomerViewController.xib */; };
		859D8EA31DB01D76006BD88E /* CustomerListViewController.m in Sources */ = {isa = PBXBuildFile; fileRef = 859D8EA11DB01D76006BD88E /* CustomerListViewController.m */; };
		859D8EA41DB01D76006BD88E /* CustomerListViewController.m in Sources */ = {isa = PBXBuildFile; fileRef = 859D8EA11DB01D76006BD88E /* CustomerListViewController.m */; };
		859D8EA51DB01D76006BD88E /* CustomerListViewController.xib in Resources */ = {isa = PBXBuildFile; fileRef = 859D8EA21DB01D76006BD88E /* CustomerListViewController.xib */; };
		859D8EA61DB01D76006BD88E /* CustomerListViewController.xib in Resources */ = {isa = PBXBuildFile; fileRef = 859D8EA21DB01D76006BD88E /* CustomerListViewController.xib */; };
		859D8EB11DB01D9E006BD88E /* CustomerPaymentViewController.m in Sources */ = {isa = PBXBuildFile; fileRef = 859D8EAF1DB01D9E006BD88E /* CustomerPaymentViewController.m */; };
		859D8EB21DB01D9E006BD88E /* CustomerPaymentViewController.m in Sources */ = {isa = PBXBuildFile; fileRef = 859D8EAF1DB01D9E006BD88E /* CustomerPaymentViewController.m */; };
		859D8EB31DB01D9E006BD88E /* CustomerPaymentViewController.xib in Resources */ = {isa = PBXBuildFile; fileRef = 859D8EB01DB01D9E006BD88E /* CustomerPaymentViewController.xib */; };
		859D8EB41DB01D9E006BD88E /* CustomerPaymentViewController.xib in Resources */ = {isa = PBXBuildFile; fileRef = 859D8EB01DB01D9E006BD88E /* CustomerPaymentViewController.xib */; };
		85A5A98A1DB939390000513B /* WorldPaySDK_AC.framework in Frameworks */ = {isa = PBXBuildFile; fileRef = 85A5A9891DB939390000513B /* WorldPaySDK_AC.framework */; };
		85A5A98B1DB939390000513B /* WorldPaySDK_AC.framework in Embed Frameworks */ = {isa = PBXBuildFile; fileRef = 85A5A9891DB939390000513B /* WorldPaySDK_AC.framework */; settings = {ATTRIBUTES = (CodeSignOnCopy, RemoveHeadersOnCopy, ); }; };
		85E7B8CD1DDE39F00075B78B /* CustomerPaymentDetailViewController.m in Sources */ = {isa = PBXBuildFile; fileRef = 85E7B8CB1DDE39F00075B78B /* CustomerPaymentDetailViewController.m */; };
		85E7B8CE1DDE39F00075B78B /* CustomerPaymentDetailViewController.m in Sources */ = {isa = PBXBuildFile; fileRef = 85E7B8CB1DDE39F00075B78B /* CustomerPaymentDetailViewController.m */; };
		85E7B8CF1DDE39F00075B78B /* CustomerPaymentDetailViewController.xib in Resources */ = {isa = PBXBuildFile; fileRef = 85E7B8CC1DDE39F00075B78B /* CustomerPaymentDetailViewController.xib */; };
		85E7B8D01DDE39F00075B78B /* CustomerPaymentDetailViewController.xib in Resources */ = {isa = PBXBuildFile; fileRef = 85E7B8CC1DDE39F00075B78B /* CustomerPaymentDetailViewController.xib */; };
		85E7B8D71DE3664E0075B78B /* LabeledSegmentedControl.m in Sources */ = {isa = PBXBuildFile; fileRef = 85E7B8D61DE3664E0075B78B /* LabeledSegmentedControl.m */; };
		85E7B8D81DE3664E0075B78B /* LabeledSegmentedControl.m in Sources */ = {isa = PBXBuildFile; fileRef = 85E7B8D61DE3664E0075B78B /* LabeledSegmentedControl.m */; };
		85E7B8DA1DE366620075B78B /* LabeledSegmentedControl.xib in Resources */ = {isa = PBXBuildFile; fileRef = 85E7B8D91DE366620075B78B /* LabeledSegmentedControl.xib */; };
		85E7B8DB1DE366620075B78B /* LabeledSegmentedControl.xib in Resources */ = {isa = PBXBuildFile; fileRef = 85E7B8D91DE366620075B78B /* LabeledSegmentedControl.xib */; };
		85E7B8DE1DE38F100075B78B /* LabeledTextView.m in Sources */ = {isa = PBXBuildFile; fileRef = 85E7B8DD1DE38F100075B78B /* LabeledTextView.m */; };
		85E7B8DF1DE38F100075B78B /* LabeledTextView.m in Sources */ = {isa = PBXBuildFile; fileRef = 85E7B8DD1DE38F100075B78B /* LabeledTextView.m */; };
		85E7B8E11DE38F270075B78B /* LabeledTextView.xib in Resources */ = {isa = PBXBuildFile; fileRef = 85E7B8E01DE38F270075B78B /* LabeledTextView.xib */; };
		85E7B8E21DE38F270075B78B /* LabeledTextView.xib in Resources */ = {isa = PBXBuildFile; fileRef = 85E7B8E01DE38F270075B78B /* LabeledTextView.xib */; };
		85E7B8E51DE3A3BD0075B78B /* NSDictionary+Worldpay.m in Sources */ = {isa = PBXBuildFile; fileRef = 85E7B8E41DE3A3BD0075B78B /* NSDictionary+Worldpay.m */; };
		85E7B8E61DE3A3BD0075B78B /* NSDictionary+Worldpay.m in Sources */ = {isa = PBXBuildFile; fileRef = 85E7B8E41DE3A3BD0075B78B /* NSDictionary+Worldpay.m */; };
		85E7B8E91DEDDF7F0075B78B /* PaymentMethodView.m in Sources */ = {isa = PBXBuildFile; fileRef = 85E7B8E81DEDDF7F0075B78B /* PaymentMethodView.m */; };
		85E7B8EA1DEDDF7F0075B78B /* PaymentMethodView.m in Sources */ = {isa = PBXBuildFile; fileRef = 85E7B8E81DEDDF7F0075B78B /* PaymentMethodView.m */; };
		85E7B8EC1DEDDF900075B78B /* PaymentMethodView.xib in Resources */ = {isa = PBXBuildFile; fileRef = 85E7B8EB1DEDDF900075B78B /* PaymentMethodView.xib */; };
		85E7B8ED1DEDDF900075B78B /* PaymentMethodView.xib in Resources */ = {isa = PBXBuildFile; fileRef = 85E7B8EB1DEDDF900075B78B /* PaymentMethodView.xib */; };
		8908E7441DA5536A00EBF673 /* TransactionDetailCell.m in Sources */ = {isa = PBXBuildFile; fileRef = 8908E7421DA5536A00EBF673 /* TransactionDetailCell.m */; };
		8908E7451DA5536A00EBF673 /* TransactionDetailCell.xib in Resources */ = {isa = PBXBuildFile; fileRef = 8908E7431DA5536A00EBF673 /* TransactionDetailCell.xib */; };
		8908E7491DA6E57B00EBF673 /* CardDataCell.m in Sources */ = {isa = PBXBuildFile; fileRef = 8908E7471DA6E57B00EBF673 /* CardDataCell.m */; };
		8908E74A1DA6E57B00EBF673 /* CardDataCell.xib in Resources */ = {isa = PBXBuildFile; fileRef = 8908E7481DA6E57B00EBF673 /* CardDataCell.xib */; };
		8908E74E1DA6EBBC00EBF673 /* BillingAddressCell.m in Sources */ = {isa = PBXBuildFile; fileRef = 8908E74C1DA6EBBC00EBF673 /* BillingAddressCell.m */; };
		8908E74F1DA6EBBC00EBF673 /* BillingAddressCell.xib in Resources */ = {isa = PBXBuildFile; fileRef = 8908E74D1DA6EBBC00EBF673 /* BillingAddressCell.xib */; };
		8908E7531DA6FACB00EBF673 /* CustomerCell.m in Sources */ = {isa = PBXBuildFile; fileRef = 8908E7511DA6FACB00EBF673 /* CustomerCell.m */; };
		8908E7541DA6FACB00EBF673 /* CustomerCell.xib in Resources */ = {isa = PBXBuildFile; fileRef = 8908E7521DA6FACB00EBF673 /* CustomerCell.xib */; };
		894DF39C1DAD390D0043B01D /* Index.m in Sources */ = {isa = PBXBuildFile; fileRef = 894DF39B1DAD390D0043B01D /* Index.m */; };
		894DF39D1DAD390D0043B01D /* Index.m in Sources */ = {isa = PBXBuildFile; fileRef = 894DF39B1DAD390D0043B01D /* Index.m */; };
		894DF3A11DAD3FAE0043B01D /* RefundVoidViewController.m in Sources */ = {isa = PBXBuildFile; fileRef = 894DF39F1DAD3FAE0043B01D /* RefundVoidViewController.m */; };
		894DF3A21DAD3FAE0043B01D /* RefundVoidViewController.m in Sources */ = {isa = PBXBuildFile; fileRef = 894DF39F1DAD3FAE0043B01D /* RefundVoidViewController.m */; };
		894DF3A31DAD3FAE0043B01D /* RefundVoidViewController.xib in Resources */ = {isa = PBXBuildFile; fileRef = 894DF3A01DAD3FAE0043B01D /* RefundVoidViewController.xib */; };
		894DF3A41DAD3FAE0043B01D /* RefundVoidViewController.xib in Resources */ = {isa = PBXBuildFile; fileRef = 894DF3A01DAD3FAE0043B01D /* RefundVoidViewController.xib */; };
		896A6ECE1DAC093100FD8F77 /* TransactionDetailViewController.m in Sources */ = {isa = PBXBuildFile; fileRef = 89CB9EAE1DA461EE00E4F7E4 /* TransactionDetailViewController.m */; };
		896A6ECF1DAC094600FD8F77 /* TransactionDetailCell.m in Sources */ = {isa = PBXBuildFile; fileRef = 8908E7421DA5536A00EBF673 /* TransactionDetailCell.m */; };
		896A6ED01DAC094D00FD8F77 /* TransactionDetailCell.xib in Resources */ = {isa = PBXBuildFile; fileRef = 8908E7431DA5536A00EBF673 /* TransactionDetailCell.xib */; };
		896A6ED11DAC095200FD8F77 /* CardDataCell.m in Sources */ = {isa = PBXBuildFile; fileRef = 8908E7471DA6E57B00EBF673 /* CardDataCell.m */; };
		896A6ED21DAC095600FD8F77 /* CardDataCell.xib in Resources */ = {isa = PBXBuildFile; fileRef = 8908E7481DA6E57B00EBF673 /* CardDataCell.xib */; };
		896A6ED31DAC095D00FD8F77 /* BillingAddressCell.m in Sources */ = {isa = PBXBuildFile; fileRef = 8908E74C1DA6EBBC00EBF673 /* BillingAddressCell.m */; };
		896A6ED41DAC096100FD8F77 /* BillingAddressCell.xib in Resources */ = {isa = PBXBuildFile; fileRef = 8908E74D1DA6EBBC00EBF673 /* BillingAddressCell.xib */; };
		896A6ED51DAC096500FD8F77 /* CustomerCell.m in Sources */ = {isa = PBXBuildFile; fileRef = 8908E7511DA6FACB00EBF673 /* CustomerCell.m */; };
		896A6ED61DAC096900FD8F77 /* CustomerCell.xib in Resources */ = {isa = PBXBuildFile; fileRef = 8908E7521DA6FACB00EBF673 /* CustomerCell.xib */; };
		896A6ED71DAC137600FD8F77 /* TransactionDetailViewController.xib in Resources */ = {isa = PBXBuildFile; fileRef = 89CB9EAF1DA461EE00E4F7E4 /* TransactionDetailViewController.xib */; };
		896A6EDC1DAC265500FD8F77 /* SignatureViewController.m in Sources */ = {isa = PBXBuildFile; fileRef = 896A6EDB1DAC265500FD8F77 /* SignatureViewController.m */; };
		896A6EDD1DAC265500FD8F77 /* SignatureViewController.m in Sources */ = {isa = PBXBuildFile; fileRef = 896A6EDB1DAC265500FD8F77 /* SignatureViewController.m */; };
		896A6EDF1DAC267800FD8F77 /* SignatureViewController.xib in Resources */ = {isa = PBXBuildFile; fileRef = 896A6EDE1DAC267800FD8F77 /* SignatureViewController.xib */; };
		896A6EE01DAC267800FD8F77 /* SignatureViewController.xib in Resources */ = {isa = PBXBuildFile; fileRef = 896A6EDE1DAC267800FD8F77 /* SignatureViewController.xib */; };
		896A6EE31DAC321B00FD8F77 /* LandscapeNavigationController.m in Sources */ = {isa = PBXBuildFile; fileRef = 896A6EE21DAC321B00FD8F77 /* LandscapeNavigationController.m */; };
		896A6EE41DAC321B00FD8F77 /* LandscapeNavigationController.m in Sources */ = {isa = PBXBuildFile; fileRef = 896A6EE21DAC321B00FD8F77 /* LandscapeNavigationController.m */; };
		89A4DF681DA8110E007F79D6 /* Helper.m in Sources */ = {isa = PBXBuildFile; fileRef = 89A4DF671DA8110E007F79D6 /* Helper.m */; };
		89A4DF691DA8110E007F79D6 /* Helper.m in Sources */ = {isa = PBXBuildFile; fileRef = 89A4DF671DA8110E007F79D6 /* Helper.m */; };
		89CB9EB01DA461EE00E4F7E4 /* TransactionDetailViewController.m in Sources */ = {isa = PBXBuildFile; fileRef = 89CB9EAE1DA461EE00E4F7E4 /* TransactionDetailViewController.m */; };
		89CB9EB11DA461EE00E4F7E4 /* TransactionDetailViewController.xib in Resources */ = {isa = PBXBuildFile; fileRef = 89CB9EAF1DA461EE00E4F7E4 /* TransactionDetailViewController.xib */; };
		89D200051DAEB6DC0090C9AE /* SettlementViewController.m in Sources */ = {isa = PBXBuildFile; fileRef = 89D200031DAEB6DC0090C9AE /* SettlementViewController.m */; };
		89D200061DAEB6DC0090C9AE /* SettlementViewController.m in Sources */ = {isa = PBXBuildFile; fileRef = 89D200031DAEB6DC0090C9AE /* SettlementViewController.m */; };
		89D200071DAEB6DC0090C9AE /* SettlementViewController.xib in Resources */ = {isa = PBXBuildFile; fileRef = 89D200041DAEB6DC0090C9AE /* SettlementViewController.xib */; };
		89D200081DAEB6DC0090C9AE /* SettlementViewController.xib in Resources */ = {isa = PBXBuildFile; fileRef = 89D200041DAEB6DC0090C9AE /* SettlementViewController.xib */; };
		89D2000B1DAEC9780090C9AE /* BatchDetailTableViewController.m in Sources */ = {isa = PBXBuildFile; fileRef = 89D2000A1DAEC9780090C9AE /* BatchDetailTableViewController.m */; };
		89D2000C1DAEC9780090C9AE /* BatchDetailTableViewController.m in Sources */ = {isa = PBXBuildFile; fileRef = 89D2000A1DAEC9780090C9AE /* BatchDetailTableViewController.m */; };
		89D200101DAECB160090C9AE /* BatchTransactionTableViewCell.m in Sources */ = {isa = PBXBuildFile; fileRef = 89D2000E1DAECB160090C9AE /* BatchTransactionTableViewCell.m */; };
		89D200111DAECB160090C9AE /* BatchTransactionTableViewCell.m in Sources */ = {isa = PBXBuildFile; fileRef = 89D2000E1DAECB160090C9AE /* BatchTransactionTableViewCell.m */; };
		89D200121DAECB160090C9AE /* BatchTransactionTableViewCell.xib in Resources */ = {isa = PBXBuildFile; fileRef = 89D2000F1DAECB160090C9AE /* BatchTransactionTableViewCell.xib */; };
		89D200131DAECB160090C9AE /* BatchTransactionTableViewCell.xib in Resources */ = {isa = PBXBuildFile; fileRef = 89D2000F1DAECB160090C9AE /* BatchTransactionTableViewCell.xib */; };
		8C068D011DA4146E00578C9D /* Main.storyboard in Resources */ = {isa = PBXBuildFile; fileRef = 8C068D001DA4146E00578C9D /* Main.storyboard */; };
		8C068D021DA4147F00578C9D /* Main.storyboard in Resources */ = {isa = PBXBuildFile; fileRef = 8C068D001DA4146E00578C9D /* Main.storyboard */; };
		8C2B20B21DA3F23500643EEB /* TransactionViewController.m in Sources */ = {isa = PBXBuildFile; fileRef = 8C2B20B01DA3F23500643EEB /* TransactionViewController.m */; };
		8C2B20B31DA3F23500643EEB /* TransactionViewController.m in Sources */ = {isa = PBXBuildFile; fileRef = 8C2B20B01DA3F23500643EEB /* TransactionViewController.m */; };
		8C2B20B41DA3F23500643EEB /* TransactionViewController.xib in Resources */ = {isa = PBXBuildFile; fileRef = 8C2B20B11DA3F23500643EEB /* TransactionViewController.xib */; };
		8C2B20B51DA3F23500643EEB /* TransactionViewController.xib in Resources */ = {isa = PBXBuildFile; fileRef = 8C2B20B11DA3F23500643EEB /* TransactionViewController.xib */; };
		8C2B20B81DA3F2EA00643EEB /* DropDownTextField.m in Sources */ = {isa = PBXBuildFile; fileRef = 8C2B20B71DA3F2EA00643EEB /* DropDownTextField.m */; };
		8C2B20B91DA3F2EA00643EEB /* DropDownTextField.m in Sources */ = {isa = PBXBuildFile; fileRef = 8C2B20B71DA3F2EA00643EEB /* DropDownTextField.m */; };
		8CAE8A7E1DA69ED0006DBC36 /* UIColor+Worldpay.m in Sources */ = {isa = PBXBuildFile; fileRef = 8CAE8A7D1DA69ED0006DBC36 /* UIColor+Worldpay.m */; };
		8CAE8A7F1DA69ED0006DBC36 /* UIColor+Worldpay.m in Sources */ = {isa = PBXBuildFile; fileRef = 8CAE8A7D1DA69ED0006DBC36 /* UIColor+Worldpay.m */; };
		8CAE8A821DA6A26A006DBC36 /* UIFont+Worldpay.m in Sources */ = {isa = PBXBuildFile; fileRef = 8CAE8A811DA6A26A006DBC36 /* UIFont+Worldpay.m */; };
		8CAE8A831DA6A26A006DBC36 /* UIFont+Worldpay.m in Sources */ = {isa = PBXBuildFile; fileRef = 8CAE8A811DA6A26A006DBC36 /* UIFont+Worldpay.m */; };
		8CAE8A8A1DA6B5EE006DBC36 /* ExtendableView.m in Sources */ = {isa = PBXBuildFile; fileRef = 8CAE8A891DA6B5EE006DBC36 /* ExtendableView.m */; };
		8CAE8A8B1DA6B5EE006DBC36 /* ExtendableView.m in Sources */ = {isa = PBXBuildFile; fileRef = 8CAE8A891DA6B5EE006DBC36 /* ExtendableView.m */; };
		8CAE8A8D1DA6B605006DBC36 /* ExtendableView.xib in Resources */ = {isa = PBXBuildFile; fileRef = 8CAE8A8C1DA6B605006DBC36 /* ExtendableView.xib */; };
		8CAE8A8E1DA6B605006DBC36 /* ExtendableView.xib in Resources */ = {isa = PBXBuildFile; fileRef = 8CAE8A8C1DA6B605006DBC36 /* ExtendableView.xib */; };
		8CAE8A9E1DA6F7A4006DBC36 /* AdelleSans_Bold.otf in Resources */ = {isa = PBXBuildFile; fileRef = 8CAE8A9C1DA6F7A4006DBC36 /* AdelleSans_Bold.otf */; };
		8CAE8A9F1DA6F7A4006DBC36 /* AdelleSans_Bold.otf in Resources */ = {isa = PBXBuildFile; fileRef = 8CAE8A9C1DA6F7A4006DBC36 /* AdelleSans_Bold.otf */; };
		8CAE8AA01DA6F7A4006DBC36 /* AdelleSans_Regular.otf in Resources */ = {isa = PBXBuildFile; fileRef = 8CAE8A9D1DA6F7A4006DBC36 /* AdelleSans_Regular.otf */; };
		8CAE8AA11DA6F7A4006DBC36 /* AdelleSans_Regular.otf in Resources */ = {isa = PBXBuildFile; fileRef = 8CAE8A9D1DA6F7A4006DBC36 /* AdelleSans_Regular.otf */; };
		8CDEB6C31DA8105100F81B63 /* ExtendedInformationView.m in Sources */ = {isa = PBXBuildFile; fileRef = 8CDEB6C21DA8105100F81B63 /* ExtendedInformationView.m */; };
		8CDEB6C41DA8105100F81B63 /* ExtendedInformationView.m in Sources */ = {isa = PBXBuildFile; fileRef = 8CDEB6C21DA8105100F81B63 /* ExtendedInformationView.m */; };
		8CDEB6C61DA8106600F81B63 /* ExtendedInformationView.xib in Resources */ = {isa = PBXBuildFile; fileRef = 8CDEB6C51DA8106600F81B63 /* ExtendedInformationView.xib */; };
		8CDEB6C71DA8106600F81B63 /* ExtendedInformationView.xib in Resources */ = {isa = PBXBuildFile; fileRef = 8CDEB6C51DA8106600F81B63 /* ExtendedInformationView.xib */; };
		E78868E11E8D64400007FCC2 /* GetTransactionDataViewController.m in Sources */ = {isa = PBXBuildFile; fileRef = E78868DF1E8D64400007FCC2 /* GetTransactionDataViewController.m */; };
		E78868E21E8D64400007FCC2 /* GetTransactionDataViewController.xib in Resources */ = {isa = PBXBuildFile; fileRef = E78868E01E8D64400007FCC2 /* GetTransactionDataViewController.xib */; };
		E78BB1E51E8B4E4100E8C7E2 /* WorldPaySDK_Miura.framework in Frameworks */ = {isa = PBXBuildFile; fileRef = 85A5A98D1DB939530000513B /* WorldPaySDK_Miura.framework */; };
		E78BB1E61E8B4E4100E8C7E2 /* WorldPaySDK_Miura.framework in Embed Frameworks */ = {isa = PBXBuildFile; fileRef = 85A5A98D1DB939530000513B /* WorldPaySDK_Miura.framework */; settings = {ATTRIBUTES = (CodeSignOnCopy, RemoveHeadersOnCopy, ); }; };
		E79F47171E8C4C9000256CBD /* TransactionManagementViewController.m in Sources */ = {isa = PBXBuildFile; fileRef = E79F47151E8C4C9000256CBD /* TransactionManagementViewController.m */; };
		E79F47181E8C4C9000256CBD /* TransactionManagementViewController.xib in Resources */ = {isa = PBXBuildFile; fileRef = E79F47161E8C4C9000256CBD /* TransactionManagementViewController.xib */; };
		E7B021901E8EDD0D005445D0 /* TransactionUpdateViewController.m in Sources */ = {isa = PBXBuildFile; fileRef = E7B0218E1E8EDD0D005445D0 /* TransactionUpdateViewController.m */; };
		E7B021911E8EDD0D005445D0 /* TransactionUpdateViewController.xib in Resources */ = {isa = PBXBuildFile; fileRef = E7B0218F1E8EDD0D005445D0 /* TransactionUpdateViewController.xib */; };
		E7D87CB91E8DB44300C3B1EC /* TransactionSearchViewController.m in Sources */ = {isa = PBXBuildFile; fileRef = E7D87CB71E8DB44300C3B1EC /* TransactionSearchViewController.m */; };
		E7D87CBA1E8DB44300C3B1EC /* TransactionSearchViewController.xib in Resources */ = {isa = PBXBuildFile; fileRef = E7D87CB81E8DB44300C3B1EC /* TransactionSearchViewController.xib */; };
/* End PBXBuildFile section */

/* Begin PBXContainerItemProxy section */
		811A0D791BB2F20100B73C09 /* PBXContainerItemProxy */ = {
			isa = PBXContainerItemProxy;
			containerPortal = 811A0D541BB2F20100B73C09 /* Project object */;
			proxyType = 1;
			remoteGlobalIDString = 811A0D5B1BB2F20100B73C09;
			remoteInfo = WorldpaySDKDemo;
		};
		8531C54F1DB91D9900E89ED6 /* PBXContainerItemProxy */ = {
			isa = PBXContainerItemProxy;
			containerPortal = 811A0D541BB2F20100B73C09 /* Project object */;
			proxyType = 1;
			remoteGlobalIDString = 814EDBF41C69636E0010877C;
			remoteInfo = WorldpaySDKDemo_Miura;
		};
/* End PBXContainerItemProxy section */

/* Begin PBXCopyFilesBuildPhase section */
		85A5A98C1DB939390000513B /* Embed Frameworks */ = {
			isa = PBXCopyFilesBuildPhase;
			buildActionMask = 2147483647;
			dstPath = "";
			dstSubfolderSpec = 10;
			files = (
				85A5A98B1DB939390000513B /* WorldPaySDK_AC.framework in Embed Frameworks */,
			);
			name = "Embed Frameworks";
			runOnlyForDeploymentPostprocessing = 0;
		};
		E78BB1E71E8B4E4200E8C7E2 /* Embed Frameworks */ = {
			isa = PBXCopyFilesBuildPhase;
			buildActionMask = 2147483647;
			dstPath = "";
			dstSubfolderSpec = 10;
			files = (
				E78BB1E61E8B4E4100E8C7E2 /* WorldPaySDK_Miura.framework in Embed Frameworks */,
			);
			name = "Embed Frameworks";
			runOnlyForDeploymentPostprocessing = 0;
		};
/* End PBXCopyFilesBuildPhase section */

/* Begin PBXFileReference section */
		811A0D5C1BB2F20100B73C09 /* WorldpaySDKDemo.app */ = {isa = PBXFileReference; explicitFileType = wrapper.application; includeInIndex = 0; path = WorldpaySDKDemo.app; sourceTree = BUILT_PRODUCTS_DIR; };
		811A0D611BB2F20100B73C09 /* main.m */ = {isa = PBXFileReference; lastKnownFileType = sourcecode.c.objc; path = main.m; sourceTree = "<group>"; };
		811A0D631BB2F20100B73C09 /* AppDelegate.h */ = {isa = PBXFileReference; lastKnownFileType = sourcecode.c.h; lineEnding = 0; path = AppDelegate.h; sourceTree = "<group>"; xcLanguageSpecificationIdentifier = xcode.lang.objcpp; };
		811A0D641BB2F20100B73C09 /* AppDelegate.m */ = {isa = PBXFileReference; lastKnownFileType = sourcecode.c.objc; lineEnding = 0; path = AppDelegate.m; sourceTree = "<group>"; xcLanguageSpecificationIdentifier = xcode.lang.objc; };
		811A0D6F1BB2F20100B73C09 /* Images.xcassets */ = {isa = PBXFileReference; lastKnownFileType = folder.assetcatalog; path = Images.xcassets; sourceTree = "<group>"; };
		811A0D721BB2F20100B73C09 /* Base */ = {isa = PBXFileReference; lastKnownFileType = file.xib; name = Base; path = Base.lproj/LaunchScreen.xib; sourceTree = "<group>"; };
		811A0D781BB2F20100B73C09 /* WorldpaySDKDemo.xctest */ = {isa = PBXFileReference; explicitFileType = wrapper.cfbundle; includeInIndex = 0; path = WorldpaySDKDemo.xctest; sourceTree = BUILT_PRODUCTS_DIR; };
		811A0D7D1BB2F20100B73C09 /* Info.plist */ = {isa = PBXFileReference; lastKnownFileType = text.plist.xml; path = Info.plist; sourceTree = "<group>"; };
		811A0D7E1BB2F20100B73C09 /* WorldpaySDKDemoTests.m */ = {isa = PBXFileReference; lastKnownFileType = sourcecode.c.objc; path = WorldpaySDKDemoTests.m; sourceTree = "<group>"; };
		814EDC051C69636E0010877C /* WorldpaySDKDemo.app */ = {isa = PBXFileReference; explicitFileType = wrapper.application; includeInIndex = 0; path = WorldpaySDKDemo.app; sourceTree = BUILT_PRODUCTS_DIR; };
		814EDC061C69636E0010877C /* Info.plist */ = {isa = PBXFileReference; lastKnownFileType = text.plist.xml; name = Info.plist; path = WorldpaySDKDemo/Info.plist; sourceTree = SOURCE_ROOT; };
		850C57541DCA53E300B1F6B0 /* HomeViewController.h */ = {isa = PBXFileReference; fileEncoding = 4; lastKnownFileType = sourcecode.c.h; path = HomeViewController.h; sourceTree = "<group>"; };
		850C57551DCA53E300B1F6B0 /* HomeViewController.m */ = {isa = PBXFileReference; fileEncoding = 4; lastKnownFileType = sourcecode.c.objc; path = HomeViewController.m; sourceTree = "<group>"; };
		850C57561DCA53E300B1F6B0 /* HomeViewController.xib */ = {isa = PBXFileReference; fileEncoding = 4; lastKnownFileType = file.xib; path = HomeViewController.xib; sourceTree = "<group>"; };
		850C575B1DCBA18500B1F6B0 /* PrefixHeader.pch */ = {isa = PBXFileReference; fileEncoding = 4; lastKnownFileType = sourcecode.c.h; path = PrefixHeader.pch; sourceTree = "<group>"; };
		85824BC41DC9175700CD6052 /* LabeledTextField.h */ = {isa = PBXFileReference; fileEncoding = 4; lastKnownFileType = sourcecode.c.h; path = LabeledTextField.h; sourceTree = "<group>"; };
		85824BC51DC9175700CD6052 /* LabeledTextField.m */ = {isa = PBXFileReference; fileEncoding = 4; lastKnownFileType = sourcecode.c.objc; path = LabeledTextField.m; sourceTree = "<group>"; };
		85824BCB1DC919AD00CD6052 /* LabeledTextField.xib */ = {isa = PBXFileReference; fileEncoding = 4; lastKnownFileType = file.xib; path = LabeledTextField.xib; sourceTree = "<group>"; };
		85824BCE1DC9230800CD6052 /* LabeledDropDownTextField.h */ = {isa = PBXFileReference; fileEncoding = 4; lastKnownFileType = sourcecode.c.h; path = LabeledDropDownTextField.h; sourceTree = "<group>"; };
		85824BCF1DC9230800CD6052 /* LabeledDropDownTextField.m */ = {isa = PBXFileReference; fileEncoding = 4; lastKnownFileType = sourcecode.c.objc; path = LabeledDropDownTextField.m; sourceTree = "<group>"; };
		85824BD21DC923B000CD6052 /* LabeledDropDownTextField.xib */ = {isa = PBXFileReference; fileEncoding = 4; lastKnownFileType = file.xib; path = LabeledDropDownTextField.xib; sourceTree = "<group>"; };
		859D8E921DB0163F006BD88E /* VaultViewController.h */ = {isa = PBXFileReference; fileEncoding = 4; lastKnownFileType = sourcecode.c.h; path = VaultViewController.h; sourceTree = "<group>"; };
		859D8E931DB0163F006BD88E /* VaultViewController.m */ = {isa = PBXFileReference; fileEncoding = 4; lastKnownFileType = sourcecode.c.objc; path = VaultViewController.m; sourceTree = "<group>"; };
		859D8E941DB0163F006BD88E /* VaultViewController.xib */ = {isa = PBXFileReference; fileEncoding = 4; lastKnownFileType = file.xib; path = VaultViewController.xib; sourceTree = "<group>"; };
		859D8E991DB01D59006BD88E /* CustomerViewController.h */ = {isa = PBXFileReference; fileEncoding = 4; lastKnownFileType = sourcecode.c.h; path = CustomerViewController.h; sourceTree = "<group>"; };
		859D8E9A1DB01D59006BD88E /* CustomerViewController.m */ = {isa = PBXFileReference; fileEncoding = 4; lastKnownFileType = sourcecode.c.objc; path = CustomerViewController.m; sourceTree = "<group>"; };
		859D8E9B1DB01D59006BD88E /* CustomerViewController.xib */ = {isa = PBXFileReference; fileEncoding = 4; lastKnownFileType = file.xib; path = CustomerViewController.xib; sourceTree = "<group>"; };
		859D8EA01DB01D76006BD88E /* CustomerListViewController.h */ = {isa = PBXFileReference; fileEncoding = 4; lastKnownFileType = sourcecode.c.h; path = CustomerListViewController.h; sourceTree = "<group>"; };
		859D8EA11DB01D76006BD88E /* CustomerListViewController.m */ = {isa = PBXFileReference; fileEncoding = 4; lastKnownFileType = sourcecode.c.objc; path = CustomerListViewController.m; sourceTree = "<group>"; };
		859D8EA21DB01D76006BD88E /* CustomerListViewController.xib */ = {isa = PBXFileReference; fileEncoding = 4; lastKnownFileType = file.xib; path = CustomerListViewController.xib; sourceTree = "<group>"; };
		859D8EAE1DB01D9E006BD88E /* CustomerPaymentViewController.h */ = {isa = PBXFileReference; fileEncoding = 4; lastKnownFileType = sourcecode.c.h; path = CustomerPaymentViewController.h; sourceTree = "<group>"; };
		859D8EAF1DB01D9E006BD88E /* CustomerPaymentViewController.m */ = {isa = PBXFileReference; fileEncoding = 4; lastKnownFileType = sourcecode.c.objc; path = CustomerPaymentViewController.m; sourceTree = "<group>"; };
		859D8EB01DB01D9E006BD88E /* CustomerPaymentViewController.xib */ = {isa = PBXFileReference; fileEncoding = 4; lastKnownFileType = file.xib; path = CustomerPaymentViewController.xib; sourceTree = "<group>"; };
		85A5A9891DB939390000513B /* WorldPaySDK_AC.framework */ = {isa = PBXFileReference; lastKnownFileType = wrapper.framework; name = WorldPaySDK_AC.framework; path = ../../sdk/WorldPaySDK_AC.framework; sourceTree = "<group>"; };
		85A5A98D1DB939530000513B /* WorldPaySDK_Miura.framework */ = {isa = PBXFileReference; lastKnownFileType = wrapper.framework; name = WorldPaySDK_Miura.framework; path = ../../sdk/WorldPaySDK_Miura.framework; sourceTree = "<group>"; };
		85E7B8CA1DDE39F00075B78B /* CustomerPaymentDetailViewController.h */ = {isa = PBXFileReference; fileEncoding = 4; lastKnownFileType = sourcecode.c.h; path = CustomerPaymentDetailViewController.h; sourceTree = "<group>"; };
		85E7B8CB1DDE39F00075B78B /* CustomerPaymentDetailViewController.m */ = {isa = PBXFileReference; fileEncoding = 4; lastKnownFileType = sourcecode.c.objc; path = CustomerPaymentDetailViewController.m; sourceTree = "<group>"; };
		85E7B8CC1DDE39F00075B78B /* CustomerPaymentDetailViewController.xib */ = {isa = PBXFileReference; fileEncoding = 4; lastKnownFileType = file.xib; path = CustomerPaymentDetailViewController.xib; sourceTree = "<group>"; };
		85E7B8D51DE3664E0075B78B /* LabeledSegmentedControl.h */ = {isa = PBXFileReference; fileEncoding = 4; lastKnownFileType = sourcecode.c.h; path = LabeledSegmentedControl.h; sourceTree = "<group>"; };
		85E7B8D61DE3664E0075B78B /* LabeledSegmentedControl.m */ = {isa = PBXFileReference; fileEncoding = 4; lastKnownFileType = sourcecode.c.objc; path = LabeledSegmentedControl.m; sourceTree = "<group>"; };
		85E7B8D91DE366620075B78B /* LabeledSegmentedControl.xib */ = {isa = PBXFileReference; fileEncoding = 4; lastKnownFileType = file.xib; path = LabeledSegmentedControl.xib; sourceTree = "<group>"; };
		85E7B8DC1DE38F100075B78B /* LabeledTextView.h */ = {isa = PBXFileReference; fileEncoding = 4; lastKnownFileType = sourcecode.c.h; path = LabeledTextView.h; sourceTree = "<group>"; };
		85E7B8DD1DE38F100075B78B /* LabeledTextView.m */ = {isa = PBXFileReference; fileEncoding = 4; lastKnownFileType = sourcecode.c.objc; path = LabeledTextView.m; sourceTree = "<group>"; };
		85E7B8E01DE38F270075B78B /* LabeledTextView.xib */ = {isa = PBXFileReference; fileEncoding = 4; lastKnownFileType = file.xib; path = LabeledTextView.xib; sourceTree = "<group>"; };
		85E7B8E31DE3A3BD0075B78B /* NSDictionary+Worldpay.h */ = {isa = PBXFileReference; fileEncoding = 4; lastKnownFileType = sourcecode.c.h; path = "NSDictionary+Worldpay.h"; sourceTree = "<group>"; };
		85E7B8E41DE3A3BD0075B78B /* NSDictionary+Worldpay.m */ = {isa = PBXFileReference; fileEncoding = 4; lastKnownFileType = sourcecode.c.objc; path = "NSDictionary+Worldpay.m"; sourceTree = "<group>"; };
		85E7B8E71DEDDF7F0075B78B /* PaymentMethodView.h */ = {isa = PBXFileReference; fileEncoding = 4; lastKnownFileType = sourcecode.c.h; path = PaymentMethodView.h; sourceTree = "<group>"; };
		85E7B8E81DEDDF7F0075B78B /* PaymentMethodView.m */ = {isa = PBXFileReference; fileEncoding = 4; lastKnownFileType = sourcecode.c.objc; path = PaymentMethodView.m; sourceTree = "<group>"; };
		85E7B8EB1DEDDF900075B78B /* PaymentMethodView.xib */ = {isa = PBXFileReference; fileEncoding = 4; lastKnownFileType = file.xib; path = PaymentMethodView.xib; sourceTree = "<group>"; };
		8908E7411DA5536A00EBF673 /* TransactionDetailCell.h */ = {isa = PBXFileReference; fileEncoding = 4; lastKnownFileType = sourcecode.c.h; path = TransactionDetailCell.h; sourceTree = "<group>"; };
		8908E7421DA5536A00EBF673 /* TransactionDetailCell.m */ = {isa = PBXFileReference; fileEncoding = 4; lastKnownFileType = sourcecode.c.objc; path = TransactionDetailCell.m; sourceTree = "<group>"; };
		8908E7431DA5536A00EBF673 /* TransactionDetailCell.xib */ = {isa = PBXFileReference; fileEncoding = 4; lastKnownFileType = file.xib; path = TransactionDetailCell.xib; sourceTree = "<group>"; };
		8908E7461DA6E57B00EBF673 /* CardDataCell.h */ = {isa = PBXFileReference; fileEncoding = 4; lastKnownFileType = sourcecode.c.h; path = CardDataCell.h; sourceTree = "<group>"; };
		8908E7471DA6E57B00EBF673 /* CardDataCell.m */ = {isa = PBXFileReference; fileEncoding = 4; lastKnownFileType = sourcecode.c.objc; path = CardDataCell.m; sourceTree = "<group>"; };
		8908E7481DA6E57B00EBF673 /* CardDataCell.xib */ = {isa = PBXFileReference; fileEncoding = 4; lastKnownFileType = file.xib; path = CardDataCell.xib; sourceTree = "<group>"; };
		8908E74B1DA6EBBC00EBF673 /* BillingAddressCell.h */ = {isa = PBXFileReference; fileEncoding = 4; lastKnownFileType = sourcecode.c.h; lineEnding = 0; path = BillingAddressCell.h; sourceTree = "<group>"; xcLanguageSpecificationIdentifier = xcode.lang.objcpp; };
		8908E74C1DA6EBBC00EBF673 /* BillingAddressCell.m */ = {isa = PBXFileReference; fileEncoding = 4; lastKnownFileType = sourcecode.c.objc; lineEnding = 0; path = BillingAddressCell.m; sourceTree = "<group>"; xcLanguageSpecificationIdentifier = xcode.lang.objc; };
		8908E74D1DA6EBBC00EBF673 /* BillingAddressCell.xib */ = {isa = PBXFileReference; fileEncoding = 4; lastKnownFileType = file.xib; path = BillingAddressCell.xib; sourceTree = "<group>"; };
		8908E7501DA6FACB00EBF673 /* CustomerCell.h */ = {isa = PBXFileReference; fileEncoding = 4; lastKnownFileType = sourcecode.c.h; path = CustomerCell.h; sourceTree = "<group>"; };
		8908E7511DA6FACB00EBF673 /* CustomerCell.m */ = {isa = PBXFileReference; fileEncoding = 4; lastKnownFileType = sourcecode.c.objc; path = CustomerCell.m; sourceTree = "<group>"; };
		8908E7521DA6FACB00EBF673 /* CustomerCell.xib */ = {isa = PBXFileReference; fileEncoding = 4; lastKnownFileType = file.xib; path = CustomerCell.xib; sourceTree = "<group>"; };
		894DF39A1DAD390D0043B01D /* Index.h */ = {isa = PBXFileReference; fileEncoding = 4; lastKnownFileType = sourcecode.c.h; path = Index.h; sourceTree = "<group>"; };
		894DF39B1DAD390D0043B01D /* Index.m */ = {isa = PBXFileReference; fileEncoding = 4; lastKnownFileType = sourcecode.c.objc; path = Index.m; sourceTree = "<group>"; };
		894DF39E1DAD3FAE0043B01D /* RefundVoidViewController.h */ = {isa = PBXFileReference; fileEncoding = 4; lastKnownFileType = sourcecode.c.h; path = RefundVoidViewController.h; sourceTree = "<group>"; };
		894DF39F1DAD3FAE0043B01D /* RefundVoidViewController.m */ = {isa = PBXFileReference; fileEncoding = 4; lastKnownFileType = sourcecode.c.objc; path = RefundVoidViewController.m; sourceTree = "<group>"; };
		894DF3A01DAD3FAE0043B01D /* RefundVoidViewController.xib */ = {isa = PBXFileReference; fileEncoding = 4; lastKnownFileType = file.xib; path = RefundVoidViewController.xib; sourceTree = "<group>"; };
		896A6EDA1DAC265500FD8F77 /* SignatureViewController.h */ = {isa = PBXFileReference; fileEncoding = 4; lastKnownFileType = sourcecode.c.h; path = SignatureViewController.h; sourceTree = "<group>"; };
		896A6EDB1DAC265500FD8F77 /* SignatureViewController.m */ = {isa = PBXFileReference; fileEncoding = 4; lastKnownFileType = sourcecode.c.objc; path = SignatureViewController.m; sourceTree = "<group>"; };
		896A6EDE1DAC267800FD8F77 /* SignatureViewController.xib */ = {isa = PBXFileReference; fileEncoding = 4; lastKnownFileType = file.xib; path = SignatureViewController.xib; sourceTree = "<group>"; };
		896A6EE11DAC321B00FD8F77 /* LandscapeNavigationController.h */ = {isa = PBXFileReference; fileEncoding = 4; lastKnownFileType = sourcecode.c.h; path = LandscapeNavigationController.h; sourceTree = "<group>"; };
		896A6EE21DAC321B00FD8F77 /* LandscapeNavigationController.m */ = {isa = PBXFileReference; fileEncoding = 4; lastKnownFileType = sourcecode.c.objc; path = LandscapeNavigationController.m; sourceTree = "<group>"; };
		89A4DF661DA80FAF007F79D6 /* Helper.h */ = {isa = PBXFileReference; fileEncoding = 4; lastKnownFileType = sourcecode.c.h; path = Helper.h; sourceTree = "<group>"; };
		89A4DF671DA8110E007F79D6 /* Helper.m */ = {isa = PBXFileReference; fileEncoding = 4; lastKnownFileType = sourcecode.c.objc; path = Helper.m; sourceTree = "<group>"; };
		89CB9EAD1DA461EE00E4F7E4 /* TransactionDetailViewController.h */ = {isa = PBXFileReference; fileEncoding = 4; lastKnownFileType = sourcecode.c.h; path = TransactionDetailViewController.h; sourceTree = "<group>"; };
		89CB9EAE1DA461EE00E4F7E4 /* TransactionDetailViewController.m */ = {isa = PBXFileReference; fileEncoding = 4; lastKnownFileType = sourcecode.c.objc; path = TransactionDetailViewController.m; sourceTree = "<group>"; };
		89CB9EAF1DA461EE00E4F7E4 /* TransactionDetailViewController.xib */ = {isa = PBXFileReference; fileEncoding = 4; lastKnownFileType = file.xib; path = TransactionDetailViewController.xib; sourceTree = "<group>"; };
		89D200021DAEB6DC0090C9AE /* SettlementViewController.h */ = {isa = PBXFileReference; fileEncoding = 4; lastKnownFileType = sourcecode.c.h; path = SettlementViewController.h; sourceTree = "<group>"; };
		89D200031DAEB6DC0090C9AE /* SettlementViewController.m */ = {isa = PBXFileReference; fileEncoding = 4; lastKnownFileType = sourcecode.c.objc; path = SettlementViewController.m; sourceTree = "<group>"; };
		89D200041DAEB6DC0090C9AE /* SettlementViewController.xib */ = {isa = PBXFileReference; fileEncoding = 4; lastKnownFileType = file.xib; path = SettlementViewController.xib; sourceTree = "<group>"; };
		89D200091DAEC9780090C9AE /* BatchDetailTableViewController.h */ = {isa = PBXFileReference; fileEncoding = 4; lastKnownFileType = sourcecode.c.h; lineEnding = 0; path = BatchDetailTableViewController.h; sourceTree = "<group>"; xcLanguageSpecificationIdentifier = xcode.lang.objcpp; };
		89D2000A1DAEC9780090C9AE /* BatchDetailTableViewController.m */ = {isa = PBXFileReference; fileEncoding = 4; lastKnownFileType = sourcecode.c.objc; lineEnding = 0; path = BatchDetailTableViewController.m; sourceTree = "<group>"; xcLanguageSpecificationIdentifier = xcode.lang.objc; };
		89D2000D1DAECB160090C9AE /* BatchTransactionTableViewCell.h */ = {isa = PBXFileReference; fileEncoding = 4; lastKnownFileType = sourcecode.c.h; lineEnding = 0; path = BatchTransactionTableViewCell.h; sourceTree = "<group>"; xcLanguageSpecificationIdentifier = xcode.lang.objcpp; };
		89D2000E1DAECB160090C9AE /* BatchTransactionTableViewCell.m */ = {isa = PBXFileReference; fileEncoding = 4; lastKnownFileType = sourcecode.c.objc; lineEnding = 0; path = BatchTransactionTableViewCell.m; sourceTree = "<group>"; xcLanguageSpecificationIdentifier = xcode.lang.objc; };
		89D2000F1DAECB160090C9AE /* BatchTransactionTableViewCell.xib */ = {isa = PBXFileReference; fileEncoding = 4; lastKnownFileType = file.xib; path = BatchTransactionTableViewCell.xib; sourceTree = "<group>"; };
		8C068D001DA4146E00578C9D /* Main.storyboard */ = {isa = PBXFileReference; fileEncoding = 4; lastKnownFileType = file.storyboard; path = Main.storyboard; sourceTree = "<group>"; };
		8C2B20AF1DA3F23500643EEB /* TransactionViewController.h */ = {isa = PBXFileReference; fileEncoding = 4; lastKnownFileType = sourcecode.c.h; path = TransactionViewController.h; sourceTree = "<group>"; };
		8C2B20B01DA3F23500643EEB /* TransactionViewController.m */ = {isa = PBXFileReference; fileEncoding = 4; lastKnownFileType = sourcecode.c.objc; path = TransactionViewController.m; sourceTree = "<group>"; };
		8C2B20B11DA3F23500643EEB /* TransactionViewController.xib */ = {isa = PBXFileReference; fileEncoding = 4; lastKnownFileType = file.xib; path = TransactionViewController.xib; sourceTree = "<group>"; };
		8C2B20B61DA3F2EA00643EEB /* DropDownTextField.h */ = {isa = PBXFileReference; fileEncoding = 4; lastKnownFileType = sourcecode.c.h; path = DropDownTextField.h; sourceTree = "<group>"; };
		8C2B20B71DA3F2EA00643EEB /* DropDownTextField.m */ = {isa = PBXFileReference; fileEncoding = 4; lastKnownFileType = sourcecode.c.objc; path = DropDownTextField.m; sourceTree = "<group>"; };
		8CAE8A7C1DA69ED0006DBC36 /* UIColor+Worldpay.h */ = {isa = PBXFileReference; fileEncoding = 4; lastKnownFileType = sourcecode.c.h; path = "UIColor+Worldpay.h"; sourceTree = "<group>"; };
		8CAE8A7D1DA69ED0006DBC36 /* UIColor+Worldpay.m */ = {isa = PBXFileReference; fileEncoding = 4; lastKnownFileType = sourcecode.c.objc; path = "UIColor+Worldpay.m"; sourceTree = "<group>"; };
		8CAE8A801DA6A26A006DBC36 /* UIFont+Worldpay.h */ = {isa = PBXFileReference; fileEncoding = 4; lastKnownFileType = sourcecode.c.h; path = "UIFont+Worldpay.h"; sourceTree = "<group>"; };
		8CAE8A811DA6A26A006DBC36 /* UIFont+Worldpay.m */ = {isa = PBXFileReference; fileEncoding = 4; lastKnownFileType = sourcecode.c.objc; path = "UIFont+Worldpay.m"; sourceTree = "<group>"; };
		8CAE8A881DA6B5EE006DBC36 /* ExtendableView.h */ = {isa = PBXFileReference; fileEncoding = 4; lastKnownFileType = sourcecode.c.h; path = ExtendableView.h; sourceTree = "<group>"; };
		8CAE8A891DA6B5EE006DBC36 /* ExtendableView.m */ = {isa = PBXFileReference; fileEncoding = 4; lastKnownFileType = sourcecode.c.objc; path = ExtendableView.m; sourceTree = "<group>"; };
		8CAE8A8C1DA6B605006DBC36 /* ExtendableView.xib */ = {isa = PBXFileReference; fileEncoding = 4; lastKnownFileType = file.xib; path = ExtendableView.xib; sourceTree = "<group>"; };
		8CAE8A9C1DA6F7A4006DBC36 /* AdelleSans_Bold.otf */ = {isa = PBXFileReference; lastKnownFileType = file; path = AdelleSans_Bold.otf; sourceTree = "<group>"; };
		8CAE8A9D1DA6F7A4006DBC36 /* AdelleSans_Regular.otf */ = {isa = PBXFileReference; lastKnownFileType = file; path = AdelleSans_Regular.otf; sourceTree = "<group>"; };
		8CDEB6C11DA8105100F81B63 /* ExtendedInformationView.h */ = {isa = PBXFileReference; fileEncoding = 4; lastKnownFileType = sourcecode.c.h; path = ExtendedInformationView.h; sourceTree = "<group>"; };
		8CDEB6C21DA8105100F81B63 /* ExtendedInformationView.m */ = {isa = PBXFileReference; fileEncoding = 4; lastKnownFileType = sourcecode.c.objc; path = ExtendedInformationView.m; sourceTree = "<group>"; };
		8CDEB6C51DA8106600F81B63 /* ExtendedInformationView.xib */ = {isa = PBXFileReference; fileEncoding = 4; lastKnownFileType = file.xib; path = ExtendedInformationView.xib; sourceTree = "<group>"; };
		E78868DE1E8D64400007FCC2 /* GetTransactionDataViewController.h */ = {isa = PBXFileReference; fileEncoding = 4; lastKnownFileType = sourcecode.c.h; path = GetTransactionDataViewController.h; sourceTree = "<group>"; };
		E78868DF1E8D64400007FCC2 /* GetTransactionDataViewController.m */ = {isa = PBXFileReference; fileEncoding = 4; lastKnownFileType = sourcecode.c.objc; path = GetTransactionDataViewController.m; sourceTree = "<group>"; };
		E78868E01E8D64400007FCC2 /* GetTransactionDataViewController.xib */ = {isa = PBXFileReference; fileEncoding = 4; lastKnownFileType = file.xib; path = GetTransactionDataViewController.xib; sourceTree = "<group>"; };
		E79F47141E8C4C9000256CBD /* TransactionManagementViewController.h */ = {isa = PBXFileReference; fileEncoding = 4; lastKnownFileType = sourcecode.c.h; path = TransactionManagementViewController.h; sourceTree = "<group>"; };
		E79F47151E8C4C9000256CBD /* TransactionManagementViewController.m */ = {isa = PBXFileReference; fileEncoding = 4; lastKnownFileType = sourcecode.c.objc; path = TransactionManagementViewController.m; sourceTree = "<group>"; };
		E79F47161E8C4C9000256CBD /* TransactionManagementViewController.xib */ = {isa = PBXFileReference; fileEncoding = 4; lastKnownFileType = file.xib; path = TransactionManagementViewController.xib; sourceTree = "<group>"; };
		E7B0218D1E8EDD0D005445D0 /* TransactionUpdateViewController.h */ = {isa = PBXFileReference; fileEncoding = 4; lastKnownFileType = sourcecode.c.h; path = TransactionUpdateViewController.h; sourceTree = "<group>"; };
		E7B0218E1E8EDD0D005445D0 /* TransactionUpdateViewController.m */ = {isa = PBXFileReference; fileEncoding = 4; lastKnownFileType = sourcecode.c.objc; path = TransactionUpdateViewController.m; sourceTree = "<group>"; };
		E7B0218F1E8EDD0D005445D0 /* TransactionUpdateViewController.xib */ = {isa = PBXFileReference; fileEncoding = 4; lastKnownFileType = file.xib; path = TransactionUpdateViewController.xib; sourceTree = "<group>"; };
		E7D87CB61E8DB44300C3B1EC /* TransactionSearchViewController.h */ = {isa = PBXFileReference; fileEncoding = 4; lastKnownFileType = sourcecode.c.h; path = TransactionSearchViewController.h; sourceTree = "<group>"; };
		E7D87CB71E8DB44300C3B1EC /* TransactionSearchViewController.m */ = {isa = PBXFileReference; fileEncoding = 4; lastKnownFileType = sourcecode.c.objc; path = TransactionSearchViewController.m; sourceTree = "<group>"; };
		E7D87CB81E8DB44300C3B1EC /* TransactionSearchViewController.xib */ = {isa = PBXFileReference; fileEncoding = 4; lastKnownFileType = file.xib; path = TransactionSearchViewController.xib; sourceTree = "<group>"; };
/* End PBXFileReference section */

/* Begin PBXFrameworksBuildPhase section */
		811A0D591BB2F20100B73C09 /* Frameworks */ = {
			isa = PBXFrameworksBuildPhase;
			buildActionMask = 2147483647;
			files = (
				85A5A98A1DB939390000513B /* WorldPaySDK_AC.framework in Frameworks */,
			);
			runOnlyForDeploymentPostprocessing = 0;
		};
		811A0D751BB2F20100B73C09 /* Frameworks */ = {
			isa = PBXFrameworksBuildPhase;
			buildActionMask = 2147483647;
			files = (
			);
			runOnlyForDeploymentPostprocessing = 0;
		};
		814EDBFA1C69636E0010877C /* Frameworks */ = {
			isa = PBXFrameworksBuildPhase;
			buildActionMask = 2147483647;
			files = (
				E78BB1E51E8B4E4100E8C7E2 /* WorldPaySDK_Miura.framework in Frameworks */,
			);
			runOnlyForDeploymentPostprocessing = 0;
		};
/* End PBXFrameworksBuildPhase section */

/* Begin PBXGroup section */
		811A0D531BB2F20100B73C09 = {
			isa = PBXGroup;
			children = (
				850C575B1DCBA18500B1F6B0 /* PrefixHeader.pch */,
				811A0D5E1BB2F20100B73C09 /* WorldpaySDKDemo */,
				811A0D7B1BB2F20100B73C09 /* WorldpaySDKDemoTests */,
				811A0D5D1BB2F20100B73C09 /* Products */,
				814EDC061C69636E0010877C /* Info.plist */,
			);
			sourceTree = "<group>";
		};
		811A0D5D1BB2F20100B73C09 /* Products */ = {
			isa = PBXGroup;
			children = (
				811A0D5C1BB2F20100B73C09 /* WorldpaySDKDemo.app */,
				811A0D781BB2F20100B73C09 /* WorldpaySDKDemo.xctest */,
				814EDC051C69636E0010877C /* WorldpaySDKDemo.app */,
			);
			name = Products;
			sourceTree = "<group>";
		};
		811A0D5E1BB2F20100B73C09 /* WorldpaySDKDemo */ = {
			isa = PBXGroup;
			children = (
				811A0D631BB2F20100B73C09 /* AppDelegate.h */,
				811A0D641BB2F20100B73C09 /* AppDelegate.m */,
				8908E7401DA5534700EBF673 /* Cells */,
				8CDEB6C01DA80FFF00F81B63 /* Views */,
				8CAE8A7B1DA69E8F006DBC36 /* Extensions */,
				8C2B20BA1DA3F2F800643EEB /* Controls */,
				896A6ED91DAC25B300FD8F77 /* Controllers */,
				811A0D6F1BB2F20100B73C09 /* Images.xcassets */,
				8C068D001DA4146E00578C9D /* Main.storyboard */,
				811A0D711BB2F20100B73C09 /* LaunchScreen.xib */,
				811A0D5F1BB2F20100B73C09 /* Supporting Files */,
			);
			path = WorldpaySDKDemo;
			sourceTree = "<group>";
		};
		811A0D5F1BB2F20100B73C09 /* Supporting Files */ = {
			isa = PBXGroup;
			children = (
				8CAE8A8F1DA6F3C4006DBC36 /* Fonts */,
				811A0DA01BB2F57800B73C09 /* Frameworks */,
				811A0D611BB2F20100B73C09 /* main.m */,
			);
			name = "Supporting Files";
			sourceTree = "<group>";
		};
		811A0D7B1BB2F20100B73C09 /* WorldpaySDKDemoTests */ = {
			isa = PBXGroup;
			children = (
				811A0D7E1BB2F20100B73C09 /* WorldpaySDKDemoTests.m */,
				811A0D7C1BB2F20100B73C09 /* Supporting Files */,
			);
			path = WorldpaySDKDemoTests;
			sourceTree = "<group>";
		};
		811A0D7C1BB2F20100B73C09 /* Supporting Files */ = {
			isa = PBXGroup;
			children = (
				811A0D7D1BB2F20100B73C09 /* Info.plist */,
			);
			name = "Supporting Files";
			sourceTree = "<group>";
		};
		811A0DA01BB2F57800B73C09 /* Frameworks */ = {
			isa = PBXGroup;
			children = (
				85A5A98D1DB939530000513B /* WorldPaySDK_Miura.framework */,
				85A5A9891DB939390000513B /* WorldPaySDK_AC.framework */,
			);
			name = Frameworks;
			sourceTree = "<group>";
		};
		8908E7401DA5534700EBF673 /* Cells */ = {
			isa = PBXGroup;
			children = (
				8908E7411DA5536A00EBF673 /* TransactionDetailCell.h */,
				8908E7421DA5536A00EBF673 /* TransactionDetailCell.m */,
				8908E7431DA5536A00EBF673 /* TransactionDetailCell.xib */,
				8908E7461DA6E57B00EBF673 /* CardDataCell.h */,
				8908E7471DA6E57B00EBF673 /* CardDataCell.m */,
				8908E7481DA6E57B00EBF673 /* CardDataCell.xib */,
				8908E74B1DA6EBBC00EBF673 /* BillingAddressCell.h */,
				8908E74C1DA6EBBC00EBF673 /* BillingAddressCell.m */,
				8908E74D1DA6EBBC00EBF673 /* BillingAddressCell.xib */,
				8908E7501DA6FACB00EBF673 /* CustomerCell.h */,
				8908E7511DA6FACB00EBF673 /* CustomerCell.m */,
				8908E7521DA6FACB00EBF673 /* CustomerCell.xib */,
				89D2000D1DAECB160090C9AE /* BatchTransactionTableViewCell.h */,
				89D2000E1DAECB160090C9AE /* BatchTransactionTableViewCell.m */,
				89D2000F1DAECB160090C9AE /* BatchTransactionTableViewCell.xib */,
			);
			name = Cells;
			sourceTree = "<group>";
		};
		896A6ED91DAC25B300FD8F77 /* Controllers */ = {
			isa = PBXGroup;
			children = (
				896A6EE11DAC321B00FD8F77 /* LandscapeNavigationController.h */,
				896A6EE21DAC321B00FD8F77 /* LandscapeNavigationController.m */,
				8C2B20AF1DA3F23500643EEB /* TransactionViewController.h */,
				8C2B20B01DA3F23500643EEB /* TransactionViewController.m */,
				8C2B20B11DA3F23500643EEB /* TransactionViewController.xib */,
				89CB9EAD1DA461EE00E4F7E4 /* TransactionDetailViewController.h */,
				89CB9EAE1DA461EE00E4F7E4 /* TransactionDetailViewController.m */,
				89CB9EAF1DA461EE00E4F7E4 /* TransactionDetailViewController.xib */,
				896A6EDA1DAC265500FD8F77 /* SignatureViewController.h */,
				896A6EDB1DAC265500FD8F77 /* SignatureViewController.m */,
				896A6EDE1DAC267800FD8F77 /* SignatureViewController.xib */,
				894DF39E1DAD3FAE0043B01D /* RefundVoidViewController.h */,
				894DF39F1DAD3FAE0043B01D /* RefundVoidViewController.m */,
				894DF3A01DAD3FAE0043B01D /* RefundVoidViewController.xib */,
				89D200021DAEB6DC0090C9AE /* SettlementViewController.h */,
				89D200031DAEB6DC0090C9AE /* SettlementViewController.m */,
				89D200041DAEB6DC0090C9AE /* SettlementViewController.xib */,
				89D200091DAEC9780090C9AE /* BatchDetailTableViewController.h */,
				89D2000A1DAEC9780090C9AE /* BatchDetailTableViewController.m */,
				859D8E921DB0163F006BD88E /* VaultViewController.h */,
				859D8E931DB0163F006BD88E /* VaultViewController.m */,
				859D8E941DB0163F006BD88E /* VaultViewController.xib */,
				859D8E991DB01D59006BD88E /* CustomerViewController.h */,
				859D8E9A1DB01D59006BD88E /* CustomerViewController.m */,
				859D8E9B1DB01D59006BD88E /* CustomerViewController.xib */,
				859D8EA01DB01D76006BD88E /* CustomerListViewController.h */,
				859D8EA11DB01D76006BD88E /* CustomerListViewController.m */,
				859D8EA21DB01D76006BD88E /* CustomerListViewController.xib */,
				859D8EAE1DB01D9E006BD88E /* CustomerPaymentViewController.h */,
				859D8EAF1DB01D9E006BD88E /* CustomerPaymentViewController.m */,
				859D8EB01DB01D9E006BD88E /* CustomerPaymentViewController.xib */,
				850C57541DCA53E300B1F6B0 /* HomeViewController.h */,
				850C57551DCA53E300B1F6B0 /* HomeViewController.m */,
				850C57561DCA53E300B1F6B0 /* HomeViewController.xib */,
				85E7B8CA1DDE39F00075B78B /* CustomerPaymentDetailViewController.h */,
				85E7B8CB1DDE39F00075B78B /* CustomerPaymentDetailViewController.m */,
				85E7B8CC1DDE39F00075B78B /* CustomerPaymentDetailViewController.xib */,
				E732E0011E8C0128009A771A /* TransactionManagement */,
			);
			name = Controllers;
			sourceTree = "<group>";
		};
		8C2B20BA1DA3F2F800643EEB /* Controls */ = {
			isa = PBXGroup;
			children = (
				8C2B20B61DA3F2EA00643EEB /* DropDownTextField.h */,
				8C2B20B71DA3F2EA00643EEB /* DropDownTextField.m */,
				8CAE8A881DA6B5EE006DBC36 /* ExtendableView.h */,
				8CAE8A891DA6B5EE006DBC36 /* ExtendableView.m */,
				8CAE8A8C1DA6B605006DBC36 /* ExtendableView.xib */,
				85824BC41DC9175700CD6052 /* LabeledTextField.h */,
				85824BC51DC9175700CD6052 /* LabeledTextField.m */,
				85824BCB1DC919AD00CD6052 /* LabeledTextField.xib */,
				85824BCE1DC9230800CD6052 /* LabeledDropDownTextField.h */,
				85824BCF1DC9230800CD6052 /* LabeledDropDownTextField.m */,
				85824BD21DC923B000CD6052 /* LabeledDropDownTextField.xib */,
				85E7B8D51DE3664E0075B78B /* LabeledSegmentedControl.h */,
				85E7B8D61DE3664E0075B78B /* LabeledSegmentedControl.m */,
				85E7B8D91DE366620075B78B /* LabeledSegmentedControl.xib */,
				85E7B8DC1DE38F100075B78B /* LabeledTextView.h */,
				85E7B8DD1DE38F100075B78B /* LabeledTextView.m */,
				85E7B8E01DE38F270075B78B /* LabeledTextView.xib */,
			);
			name = Controls;
			sourceTree = "<group>";
		};
		8CAE8A7B1DA69E8F006DBC36 /* Extensions */ = {
			isa = PBXGroup;
			children = (
				85E7B8E31DE3A3BD0075B78B /* NSDictionary+Worldpay.h */,
				85E7B8E41DE3A3BD0075B78B /* NSDictionary+Worldpay.m */,
				8CAE8A7C1DA69ED0006DBC36 /* UIColor+Worldpay.h */,
				8CAE8A7D1DA69ED0006DBC36 /* UIColor+Worldpay.m */,
				8CAE8A801DA6A26A006DBC36 /* UIFont+Worldpay.h */,
				8CAE8A811DA6A26A006DBC36 /* UIFont+Worldpay.m */,
				89A4DF661DA80FAF007F79D6 /* Helper.h */,
				89A4DF671DA8110E007F79D6 /* Helper.m */,
				894DF39A1DAD390D0043B01D /* Index.h */,
				894DF39B1DAD390D0043B01D /* Index.m */,
			);
			name = Extensions;
			sourceTree = "<group>";
		};
		8CAE8A8F1DA6F3C4006DBC36 /* Fonts */ = {
			isa = PBXGroup;
			children = (
				8CAE8A9C1DA6F7A4006DBC36 /* AdelleSans_Bold.otf */,
				8CAE8A9D1DA6F7A4006DBC36 /* AdelleSans_Regular.otf */,
			);
			name = Fonts;
			sourceTree = "<group>";
		};
		8CDEB6C01DA80FFF00F81B63 /* Views */ = {
			isa = PBXGroup;
			children = (
				8CDEB6C11DA8105100F81B63 /* ExtendedInformationView.h */,
				8CDEB6C21DA8105100F81B63 /* ExtendedInformationView.m */,
				8CDEB6C51DA8106600F81B63 /* ExtendedInformationView.xib */,
				85E7B8E71DEDDF7F0075B78B /* PaymentMethodView.h */,
				85E7B8E81DEDDF7F0075B78B /* PaymentMethodView.m */,
				85E7B8EB1DEDDF900075B78B /* PaymentMethodView.xib */,
			);
			name = Views;
			sourceTree = "<group>";
		};
		E732E0011E8C0128009A771A /* TransactionManagement */ = {
			isa = PBXGroup;
			children = (
				E79F47141E8C4C9000256CBD /* TransactionManagementViewController.h */,
				E79F47151E8C4C9000256CBD /* TransactionManagementViewController.m */,
				E79F47161E8C4C9000256CBD /* TransactionManagementViewController.xib */,
				E78868DE1E8D64400007FCC2 /* GetTransactionDataViewController.h */,
				E78868DF1E8D64400007FCC2 /* GetTransactionDataViewController.m */,
				E78868E01E8D64400007FCC2 /* GetTransactionDataViewController.xib */,
				E7D87CB61E8DB44300C3B1EC /* TransactionSearchViewController.h */,
				E7D87CB71E8DB44300C3B1EC /* TransactionSearchViewController.m */,
				E7D87CB81E8DB44300C3B1EC /* TransactionSearchViewController.xib */,
				E7B0218D1E8EDD0D005445D0 /* TransactionUpdateViewController.h */,
				E7B0218E1E8EDD0D005445D0 /* TransactionUpdateViewController.m */,
				E7B0218F1E8EDD0D005445D0 /* TransactionUpdateViewController.xib */,
			);
			path = TransactionManagement;
			sourceTree = "<group>";
		};
/* End PBXGroup section */

/* Begin PBXNativeTarget section */
		811A0D5B1BB2F20100B73C09 /* WorldpaySDKDemo_AC */ = {
			isa = PBXNativeTarget;
			buildConfigurationList = 811A0D821BB2F20100B73C09 /* Build configuration list for PBXNativeTarget "WorldpaySDKDemo_AC" */;
			buildPhases = (
				811A0D581BB2F20100B73C09 /* Sources */,
				811A0D591BB2F20100B73C09 /* Frameworks */,
				811A0D5A1BB2F20100B73C09 /* Resources */,
				85A5A98C1DB939390000513B /* Embed Frameworks */,
			);
			buildRules = (
			);
			dependencies = (
			);
			name = WorldpaySDKDemo_AC;
			productName = WorldpaySDKDemo;
			productReference = 811A0D5C1BB2F20100B73C09 /* WorldpaySDKDemo.app */;
			productType = "com.apple.product-type.application";
		};
		811A0D771BB2F20100B73C09 /* WorldpaySDKDemoTests */ = {
			isa = PBXNativeTarget;
			buildConfigurationList = 811A0D851BB2F20100B73C09 /* Build configuration list for PBXNativeTarget "WorldpaySDKDemoTests" */;
			buildPhases = (
				811A0D741BB2F20100B73C09 /* Sources */,
				811A0D751BB2F20100B73C09 /* Frameworks */,
				811A0D761BB2F20100B73C09 /* Resources */,
			);
			buildRules = (
			);
			dependencies = (
				811A0D7A1BB2F20100B73C09 /* PBXTargetDependency */,
				8531C5501DB91D9900E89ED6 /* PBXTargetDependency */,
			);
			name = WorldpaySDKDemoTests;
			productName = WorldpaySDKDemoTests;
			productReference = 811A0D781BB2F20100B73C09 /* WorldpaySDKDemo.xctest */;
			productType = "com.apple.product-type.bundle.unit-test";
		};
		814EDBF41C69636E0010877C /* WorldpaySDKDemo__Miura */ = {
			isa = PBXNativeTarget;
			buildConfigurationList = 814EDC021C69636E0010877C /* Build configuration list for PBXNativeTarget "WorldpaySDKDemo__Miura" */;
			buildPhases = (
				814EDBF51C69636E0010877C /* Sources */,
				814EDBFA1C69636E0010877C /* Frameworks */,
				814EDBFD1C69636E0010877C /* Resources */,
				E78BB1E71E8B4E4200E8C7E2 /* Embed Frameworks */,
			);
			buildRules = (
			);
			dependencies = (
			);
			name = WorldpaySDKDemo__Miura;
			productName = WorldpaySDKDemo;
			productReference = 814EDC051C69636E0010877C /* WorldpaySDKDemo.app */;
			productType = "com.apple.product-type.application";
		};
/* End PBXNativeTarget section */

/* Begin PBXProject section */
		811A0D541BB2F20100B73C09 /* Project object */ = {
			isa = PBXProject;
			attributes = {
				LastUpgradeCheck = 0800;
				ORGANIZATIONNAME = Worldpay;
				TargetAttributes = {
					811A0D5B1BB2F20100B73C09 = {
						CreatedOnToolsVersion = 6.4;
						DevelopmentTeam = 9ZCF6P76B8;
					};
					811A0D771BB2F20100B73C09 = {
						CreatedOnToolsVersion = 6.4;
						TestTargetID = 814EDBF41C69636E0010877C;
					};
					814EDBF41C69636E0010877C = {
						DevelopmentTeam = L9BL2S98Z6;
					};
				};
			};
			buildConfigurationList = 811A0D571BB2F20100B73C09 /* Build configuration list for PBXProject "WorldpaySDKDemo" */;
			compatibilityVersion = "Xcode 3.2";
			developmentRegion = English;
			hasScannedForEncodings = 0;
			knownRegions = (
				en,
				Base,
			);
			mainGroup = 811A0D531BB2F20100B73C09;
			productRefGroup = 811A0D5D1BB2F20100B73C09 /* Products */;
			projectDirPath = "";
			projectRoot = "";
			targets = (
				814EDBF41C69636E0010877C /* WorldpaySDKDemo__Miura */,
				811A0D5B1BB2F20100B73C09 /* WorldpaySDKDemo_AC */,
				811A0D771BB2F20100B73C09 /* WorldpaySDKDemoTests */,
			);
		};
/* End PBXProject section */

/* Begin PBXResourcesBuildPhase section */
		811A0D5A1BB2F20100B73C09 /* Resources */ = {
			isa = PBXResourcesBuildPhase;
			buildActionMask = 2147483647;
			files = (
				859D8EA51DB01D76006BD88E /* CustomerListViewController.xib in Resources */,
				89CB9EB11DA461EE00E4F7E4 /* TransactionDetailViewController.xib in Resources */,
				859D8E971DB0163F006BD88E /* VaultViewController.xib in Resources */,
				89D200071DAEB6DC0090C9AE /* SettlementViewController.xib in Resources */,
				85E7B8ED1DEDDF900075B78B /* PaymentMethodView.xib in Resources */,
				85824BD41DC923B000CD6052 /* LabeledDropDownTextField.xib in Resources */,
				8908E7451DA5536A00EBF673 /* TransactionDetailCell.xib in Resources */,
				811A0D731BB2F20100B73C09 /* LaunchScreen.xib in Resources */,
				85824BCD1DC919AE00CD6052 /* LabeledTextField.xib in Resources */,
				8908E7541DA6FACB00EBF673 /* CustomerCell.xib in Resources */,
				85E7B8E21DE38F270075B78B /* LabeledTextView.xib in Resources */,
				811A0D701BB2F20100B73C09 /* Images.xcassets in Resources */,
				8CAE8A8D1DA6B605006DBC36 /* ExtendableView.xib in Resources */,
				8908E74F1DA6EBBC00EBF673 /* BillingAddressCell.xib in Resources */,
				8908E74A1DA6E57B00EBF673 /* CardDataCell.xib in Resources */,
				8C2B20B41DA3F23500643EEB /* TransactionViewController.xib in Resources */,
				894DF3A31DAD3FAE0043B01D /* RefundVoidViewController.xib in Resources */,
				859D8E9E1DB01D59006BD88E /* CustomerViewController.xib in Resources */,
				89D200121DAECB160090C9AE /* BatchTransactionTableViewCell.xib in Resources */,
				8CAE8AA01DA6F7A4006DBC36 /* AdelleSans_Regular.otf in Resources */,
				8CAE8A9E1DA6F7A4006DBC36 /* AdelleSans_Bold.otf in Resources */,
				8CDEB6C61DA8106600F81B63 /* ExtendedInformationView.xib in Resources */,
				859D8EB31DB01D9E006BD88E /* CustomerPaymentViewController.xib in Resources */,
				850C575A1DCA53E300B1F6B0 /* HomeViewController.xib in Resources */,
				8C068D011DA4146E00578C9D /* Main.storyboard in Resources */,
				85E7B8D01DDE39F00075B78B /* CustomerPaymentDetailViewController.xib in Resources */,
				896A6EDF1DAC267800FD8F77 /* SignatureViewController.xib in Resources */,
				85E7B8DB1DE366620075B78B /* LabeledSegmentedControl.xib in Resources */,
			);
			runOnlyForDeploymentPostprocessing = 0;
		};
		811A0D761BB2F20100B73C09 /* Resources */ = {
			isa = PBXResourcesBuildPhase;
			buildActionMask = 2147483647;
			files = (
			);
			runOnlyForDeploymentPostprocessing = 0;
		};
		814EDBFD1C69636E0010877C /* Resources */ = {
			isa = PBXResourcesBuildPhase;
			buildActionMask = 2147483647;
			files = (
				859D8EA61DB01D76006BD88E /* CustomerListViewController.xib in Resources */,
				814EDBFF1C69636E0010877C /* LaunchScreen.xib in Resources */,
				859D8E981DB0163F006BD88E /* VaultViewController.xib in Resources */,
				89D200081DAEB6DC0090C9AE /* SettlementViewController.xib in Resources */,
				E78868E21E8D64400007FCC2 /* GetTransactionDataViewController.xib in Resources */,
				85E7B8EC1DEDDF900075B78B /* PaymentMethodView.xib in Resources */,
				85824BD31DC923B000CD6052 /* LabeledDropDownTextField.xib in Resources */,
				896A6ED21DAC095600FD8F77 /* CardDataCell.xib in Resources */,
				814EDC001C69636E0010877C /* Images.xcassets in Resources */,
				85824BCC1DC919AE00CD6052 /* LabeledTextField.xib in Resources */,
				8CAE8A8E1DA6B605006DBC36 /* ExtendableView.xib in Resources */,
				85E7B8E11DE38F270075B78B /* LabeledTextView.xib in Resources */,
				8C2B20B51DA3F23500643EEB /* TransactionViewController.xib in Resources */,
				8CAE8AA11DA6F7A4006DBC36 /* AdelleSans_Regular.otf in Resources */,
				8CAE8A9F1DA6F7A4006DBC36 /* AdelleSans_Bold.otf in Resources */,
				896A6ED41DAC096100FD8F77 /* BillingAddressCell.xib in Resources */,
				8CDEB6C71DA8106600F81B63 /* ExtendedInformationView.xib in Resources */,
				894DF3A41DAD3FAE0043B01D /* RefundVoidViewController.xib in Resources */,
				859D8E9F1DB01D59006BD88E /* CustomerViewController.xib in Resources */,
				89D200131DAECB160090C9AE /* BatchTransactionTableViewCell.xib in Resources */,
				896A6ED01DAC094D00FD8F77 /* TransactionDetailCell.xib in Resources */,
				8C068D021DA4147F00578C9D /* Main.storyboard in Resources */,
				896A6ED71DAC137600FD8F77 /* TransactionDetailViewController.xib in Resources */,
				E79F47181E8C4C9000256CBD /* TransactionManagementViewController.xib in Resources */,
				E7D87CBA1E8DB44300C3B1EC /* TransactionSearchViewController.xib in Resources */,
				859D8EB41DB01D9E006BD88E /* CustomerPaymentViewController.xib in Resources */,
				850C57591DCA53E300B1F6B0 /* HomeViewController.xib in Resources */,
				896A6ED61DAC096900FD8F77 /* CustomerCell.xib in Resources */,
				E7B021911E8EDD0D005445D0 /* TransactionUpdateViewController.xib in Resources */,
				85E7B8CF1DDE39F00075B78B /* CustomerPaymentDetailViewController.xib in Resources */,
				896A6EE01DAC267800FD8F77 /* SignatureViewController.xib in Resources */,
				85E7B8DA1DE366620075B78B /* LabeledSegmentedControl.xib in Resources */,
			);
			runOnlyForDeploymentPostprocessing = 0;
		};
/* End PBXResourcesBuildPhase section */

/* Begin PBXSourcesBuildPhase section */
		811A0D581BB2F20100B73C09 /* Sources */ = {
			isa = PBXSourcesBuildPhase;
			buildActionMask = 2147483647;
			files = (
				85824BD11DC9230800CD6052 /* LabeledDropDownTextField.m in Sources */,
				85E7B8EA1DEDDF7F0075B78B /* PaymentMethodView.m in Sources */,
				894DF39C1DAD390D0043B01D /* Index.m in Sources */,
				8C2B20B81DA3F2EA00643EEB /* DropDownTextField.m in Sources */,
				811A0D651BB2F20100B73C09 /* AppDelegate.m in Sources */,
				8908E7441DA5536A00EBF673 /* TransactionDetailCell.m in Sources */,
				894DF3A11DAD3FAE0043B01D /* RefundVoidViewController.m in Sources */,
				850C57581DCA53E300B1F6B0 /* HomeViewController.m in Sources */,
				89A4DF681DA8110E007F79D6 /* Helper.m in Sources */,
				859D8EB11DB01D9E006BD88E /* CustomerPaymentViewController.m in Sources */,
				89D200051DAEB6DC0090C9AE /* SettlementViewController.m in Sources */,
				896A6EDC1DAC265500FD8F77 /* SignatureViewController.m in Sources */,
				85E7B8CE1DDE39F00075B78B /* CustomerPaymentDetailViewController.m in Sources */,
				811A0D621BB2F20100B73C09 /* main.m in Sources */,
				8908E7491DA6E57B00EBF673 /* CardDataCell.m in Sources */,
				8CAE8A8A1DA6B5EE006DBC36 /* ExtendableView.m in Sources */,
				8CAE8A7E1DA69ED0006DBC36 /* UIColor+Worldpay.m in Sources */,
				896A6EE31DAC321B00FD8F77 /* LandscapeNavigationController.m in Sources */,
				8CDEB6C31DA8105100F81B63 /* ExtendedInformationView.m in Sources */,
				89D2000B1DAEC9780090C9AE /* BatchDetailTableViewController.m in Sources */,
				85824BC71DC9175700CD6052 /* LabeledTextField.m in Sources */,
				85E7B8E61DE3A3BD0075B78B /* NSDictionary+Worldpay.m in Sources */,
				8C2B20B21DA3F23500643EEB /* TransactionViewController.m in Sources */,
				8908E74E1DA6EBBC00EBF673 /* BillingAddressCell.m in Sources */,
				859D8E9C1DB01D59006BD88E /* CustomerViewController.m in Sources */,
				859D8E951DB0163F006BD88E /* VaultViewController.m in Sources */,
				85E7B8D81DE3664E0075B78B /* LabeledSegmentedControl.m in Sources */,
				8CAE8A821DA6A26A006DBC36 /* UIFont+Worldpay.m in Sources */,
				859D8EA31DB01D76006BD88E /* CustomerListViewController.m in Sources */,
				8908E7531DA6FACB00EBF673 /* CustomerCell.m in Sources */,
				89D200101DAECB160090C9AE /* BatchTransactionTableViewCell.m in Sources */,
				85E7B8DF1DE38F100075B78B /* LabeledTextView.m in Sources */,
				89CB9EB01DA461EE00E4F7E4 /* TransactionDetailViewController.m in Sources */,
			);
			runOnlyForDeploymentPostprocessing = 0;
		};
		811A0D741BB2F20100B73C09 /* Sources */ = {
			isa = PBXSourcesBuildPhase;
			buildActionMask = 2147483647;
			files = (
				811A0D7F1BB2F20100B73C09 /* WorldpaySDKDemoTests.m in Sources */,
			);
			runOnlyForDeploymentPostprocessing = 0;
		};
		814EDBF51C69636E0010877C /* Sources */ = {
			isa = PBXSourcesBuildPhase;
			buildActionMask = 2147483647;
			files = (
				85824BD01DC9230800CD6052 /* LabeledDropDownTextField.m in Sources */,
				85E7B8E91DEDDF7F0075B78B /* PaymentMethodView.m in Sources */,
				894DF39D1DAD390D0043B01D /* Index.m in Sources */,
				8C2B20B91DA3F2EA00643EEB /* DropDownTextField.m in Sources */,
				814EDBF61C69636E0010877C /* AppDelegate.m in Sources */,
				814EDBF81C69636E0010877C /* main.m in Sources */,
				894DF3A21DAD3FAE0043B01D /* RefundVoidViewController.m in Sources */,
				850C57571DCA53E300B1F6B0 /* HomeViewController.m in Sources */,
				896A6ECE1DAC093100FD8F77 /* TransactionDetailViewController.m in Sources */,
				859D8EB21DB01D9E006BD88E /* CustomerPaymentViewController.m in Sources */,
				89D200061DAEB6DC0090C9AE /* SettlementViewController.m in Sources */,
				896A6EDD1DAC265500FD8F77 /* SignatureViewController.m in Sources */,
				85E7B8CD1DDE39F00075B78B /* CustomerPaymentDetailViewController.m in Sources */,
				8CAE8A8B1DA6B5EE006DBC36 /* ExtendableView.m in Sources */,
				8CAE8A7F1DA69ED0006DBC36 /* UIColor+Worldpay.m in Sources */,
				8CDEB6C41DA8105100F81B63 /* ExtendedInformationView.m in Sources */,
				896A6ECF1DAC094600FD8F77 /* TransactionDetailCell.m in Sources */,
				896A6EE41DAC321B00FD8F77 /* LandscapeNavigationController.m in Sources */,
				E7B021901E8EDD0D005445D0 /* TransactionUpdateViewController.m in Sources */,
				8C2B20B31DA3F23500643EEB /* TransactionViewController.m in Sources */,
				89D2000C1DAEC9780090C9AE /* BatchDetailTableViewController.m in Sources */,
				E79F47171E8C4C9000256CBD /* TransactionManagementViewController.m in Sources */,
				E7D87CB91E8DB44300C3B1EC /* TransactionSearchViewController.m in Sources */,
				85824BC61DC9175700CD6052 /* LabeledTextField.m in Sources */,
				85E7B8E51DE3A3BD0075B78B /* NSDictionary+Worldpay.m in Sources */,
				8CAE8A831DA6A26A006DBC36 /* UIFont+Worldpay.m in Sources */,
				896A6ED51DAC096500FD8F77 /* CustomerCell.m in Sources */,
				859D8E9D1DB01D59006BD88E /* CustomerViewController.m in Sources */,
				E78868E11E8D64400007FCC2 /* GetTransactionDataViewController.m in Sources */,
				859D8E961DB0163F006BD88E /* VaultViewController.m in Sources */,
				85E7B8D71DE3664E0075B78B /* LabeledSegmentedControl.m in Sources */,
				896A6ED31DAC095D00FD8F77 /* BillingAddressCell.m in Sources */,
				859D8EA41DB01D76006BD88E /* CustomerListViewController.m in Sources */,
				89A4DF691DA8110E007F79D6 /* Helper.m in Sources */,
				89D200111DAECB160090C9AE /* BatchTransactionTableViewCell.m in Sources */,
				85E7B8DE1DE38F100075B78B /* LabeledTextView.m in Sources */,
				896A6ED11DAC095200FD8F77 /* CardDataCell.m in Sources */,
			);
			runOnlyForDeploymentPostprocessing = 0;
		};
/* End PBXSourcesBuildPhase section */

/* Begin PBXTargetDependency section */
		811A0D7A1BB2F20100B73C09 /* PBXTargetDependency */ = {
			isa = PBXTargetDependency;
			target = 811A0D5B1BB2F20100B73C09 /* WorldpaySDKDemo_AC */;
			targetProxy = 811A0D791BB2F20100B73C09 /* PBXContainerItemProxy */;
		};
		8531C5501DB91D9900E89ED6 /* PBXTargetDependency */ = {
			isa = PBXTargetDependency;
			target = 814EDBF41C69636E0010877C /* WorldpaySDKDemo__Miura */;
			targetProxy = 8531C54F1DB91D9900E89ED6 /* PBXContainerItemProxy */;
		};
/* End PBXTargetDependency section */

/* Begin PBXVariantGroup section */
		811A0D711BB2F20100B73C09 /* LaunchScreen.xib */ = {
			isa = PBXVariantGroup;
			children = (
				811A0D721BB2F20100B73C09 /* Base */,
			);
			name = LaunchScreen.xib;
			sourceTree = "<group>";
		};
/* End PBXVariantGroup section */

/* Begin XCBuildConfiguration section */
		811A0D801BB2F20100B73C09 /* Debug */ = {
			isa = XCBuildConfiguration;
			buildSettings = {
				ALWAYS_SEARCH_USER_PATHS = NO;
				CLANG_CXX_LANGUAGE_STANDARD = "gnu++0x";
				CLANG_CXX_LIBRARY = "libc++";
				CLANG_ENABLE_MODULES = YES;
				CLANG_ENABLE_OBJC_ARC = YES;
				CLANG_WARN_BOOL_CONVERSION = YES;
				CLANG_WARN_CONSTANT_CONVERSION = YES;
				CLANG_WARN_DIRECT_OBJC_ISA_USAGE = YES_ERROR;
				CLANG_WARN_EMPTY_BODY = YES;
				CLANG_WARN_ENUM_CONVERSION = YES;
				CLANG_WARN_INFINITE_RECURSION = YES;
				CLANG_WARN_INT_CONVERSION = YES;
				CLANG_WARN_OBJC_ROOT_CLASS = YES_ERROR;
				CLANG_WARN_SUSPICIOUS_MOVE = YES;
				CLANG_WARN_UNREACHABLE_CODE = YES;
				CLANG_WARN__DUPLICATE_METHOD_MATCH = YES;
				"CODE_SIGN_IDENTITY[sdk=iphoneos*]" = "iPhone Developer";
				COPY_PHASE_STRIP = NO;
				DEBUG_INFORMATION_FORMAT = "dwarf-with-dsym";
				ENABLE_BITCODE = NO;
				ENABLE_STRICT_OBJC_MSGSEND = YES;
				ENABLE_TESTABILITY = YES;
				GCC_C_LANGUAGE_STANDARD = gnu99;
				GCC_DYNAMIC_NO_PIC = NO;
				GCC_NO_COMMON_BLOCKS = YES;
				GCC_OPTIMIZATION_LEVEL = 0;
				GCC_PREPROCESSOR_DEFINITIONS = (
					"DEBUG=1",
					"$(inherited)",
				);
				GCC_SYMBOLS_PRIVATE_EXTERN = NO;
				GCC_WARN_64_TO_32_BIT_CONVERSION = YES;
				GCC_WARN_ABOUT_RETURN_TYPE = YES_ERROR;
				GCC_WARN_UNDECLARED_SELECTOR = YES;
				GCC_WARN_UNINITIALIZED_AUTOS = YES_AGGRESSIVE;
				GCC_WARN_UNUSED_FUNCTION = YES;
				GCC_WARN_UNUSED_VARIABLE = YES;
				IPHONEOS_DEPLOYMENT_TARGET = 8.0;
				LD_RUNPATH_SEARCH_PATHS = "@executable_path/Fra‌​meworks";
				MTL_ENABLE_DEBUG_INFO = YES;
				ONLY_ACTIVE_ARCH = YES;
				SDKROOT = iphoneos;
				TARGETED_DEVICE_FAMILY = "1,2";
			};
			name = Debug;
		};
		811A0D811BB2F20100B73C09 /* Release */ = {
			isa = XCBuildConfiguration;
			buildSettings = {
				ALWAYS_SEARCH_USER_PATHS = NO;
				CLANG_CXX_LANGUAGE_STANDARD = "gnu++0x";
				CLANG_CXX_LIBRARY = "libc++";
				CLANG_ENABLE_MODULES = YES;
				CLANG_ENABLE_OBJC_ARC = YES;
				CLANG_WARN_BOOL_CONVERSION = YES;
				CLANG_WARN_CONSTANT_CONVERSION = YES;
				CLANG_WARN_DIRECT_OBJC_ISA_USAGE = YES_ERROR;
				CLANG_WARN_EMPTY_BODY = YES;
				CLANG_WARN_ENUM_CONVERSION = YES;
				CLANG_WARN_INFINITE_RECURSION = YES;
				CLANG_WARN_INT_CONVERSION = YES;
				CLANG_WARN_OBJC_ROOT_CLASS = YES_ERROR;
				CLANG_WARN_SUSPICIOUS_MOVE = YES;
				CLANG_WARN_UNREACHABLE_CODE = YES;
				CLANG_WARN__DUPLICATE_METHOD_MATCH = YES;
				"CODE_SIGN_IDENTITY[sdk=iphoneos*]" = "iPhone Developer";
				COPY_PHASE_STRIP = NO;
				DEBUG_INFORMATION_FORMAT = "dwarf-with-dsym";
				ENABLE_BITCODE = NO;
				ENABLE_NS_ASSERTIONS = NO;
				ENABLE_STRICT_OBJC_MSGSEND = YES;
				GCC_C_LANGUAGE_STANDARD = gnu99;
				GCC_NO_COMMON_BLOCKS = YES;
				GCC_WARN_64_TO_32_BIT_CONVERSION = YES;
				GCC_WARN_ABOUT_RETURN_TYPE = YES_ERROR;
				GCC_WARN_UNDECLARED_SELECTOR = YES;
				GCC_WARN_UNINITIALIZED_AUTOS = YES_AGGRESSIVE;
				GCC_WARN_UNUSED_FUNCTION = YES;
				GCC_WARN_UNUSED_VARIABLE = YES;
				IPHONEOS_DEPLOYMENT_TARGET = 8.0;
				LD_RUNPATH_SEARCH_PATHS = "@executable_path/Fra‌​meworks";
				MTL_ENABLE_DEBUG_INFO = NO;
				SDKROOT = iphoneos;
				TARGETED_DEVICE_FAMILY = "1,2";
				VALIDATE_PRODUCT = YES;
			};
			name = Release;
		};
		811A0D831BB2F20100B73C09 /* Debug */ = {
			isa = XCBuildConfiguration;
			buildSettings = {
				ASSETCATALOG_COMPILER_APPICON_NAME = AppIcon;
				CODE_SIGN_IDENTITY = "iPhone Developer";
				DEVELOPMENT_TEAM = 9ZCF6P76B8;
				ENABLE_BITCODE = NO;
				FRAMEWORK_SEARCH_PATHS = (
					"$(inherited)",
					"$(PROJECT_DIR)",
					../sdk,
				);
				GCC_PREFIX_HEADER = PrefixHeader.pch;
				GCC_PREPROCESSOR_DEFINITIONS = (
					"DEBUG=1",
					"$(inherited)",
					ANYWHERE_NOMAD,
				);
				INFOPLIST_FILE = "$(SRCROOT)/WorldpaySDKDemo/Info.plist";
				IPHONEOS_DEPLOYMENT_TARGET = 8.0;
				LD_RUNPATH_SEARCH_PATHS = "$(inherited) @executable_path/Frameworks";
				PRODUCT_BUNDLE_IDENTIFIER = com.worldpay.ipc.acdemo;
				PRODUCT_NAME = WorldpaySDKDemo;
				PROVISIONING_PROFILE = "";
			};
			name = Debug;
		};
		811A0D841BB2F20100B73C09 /* Release */ = {
			isa = XCBuildConfiguration;
			buildSettings = {
				ASSETCATALOG_COMPILER_APPICON_NAME = AppIcon;
				CODE_SIGN_IDENTITY = "iPhone Developer";
				DEVELOPMENT_TEAM = 9ZCF6P76B8;
				ENABLE_BITCODE = NO;
				FRAMEWORK_SEARCH_PATHS = (
					"$(inherited)",
					"$(PROJECT_DIR)",
					../sdk,
				);
				GCC_PREFIX_HEADER = PrefixHeader.pch;
				GCC_PREPROCESSOR_DEFINITIONS = ANYWHERE_NOMAD;
				INFOPLIST_FILE = "$(SRCROOT)/WorldpaySDKDemo/Info.plist";
				IPHONEOS_DEPLOYMENT_TARGET = 8.0;
				LD_RUNPATH_SEARCH_PATHS = "$(inherited) @executable_path/Frameworks";
				PRODUCT_BUNDLE_IDENTIFIER = com.worldpay.ipc.acdemo;
				PRODUCT_NAME = WorldpaySDKDemo;
				PROVISIONING_PROFILE = "";
			};
			name = Release;
		};
		811A0D861BB2F20100B73C09 /* Debug */ = {
			isa = XCBuildConfiguration;
			buildSettings = {
				BUNDLE_LOADER = "$(TEST_HOST)";
				FRAMEWORK_SEARCH_PATHS = (
					"$(SDKROOT)/Developer/Library/Frameworks",
					"$(inherited)",
					"$(PROJECT_DIR)",
				);
				GCC_PREPROCESSOR_DEFINITIONS = (
					"DEBUG=1",
					"$(inherited)",
				);
				INFOPLIST_FILE = WorldpaySDKDemoTests/Info.plist;
				LD_RUNPATH_SEARCH_PATHS = "$(inherited) @executable_path/Frameworks @loader_path/Frameworks";
				PRODUCT_BUNDLE_IDENTIFIER = "com.worldpay.$(PRODUCT_NAME:rfc1034identifier)";
				PRODUCT_NAME = WorldpaySDKDemo;
				TEST_HOST = "$(BUILT_PRODUCTS_DIR)/WorldpaySDKDemo.app/WorldpaySDKDemo";
			};
			name = Debug;
		};
		811A0D871BB2F20100B73C09 /* Release */ = {
			isa = XCBuildConfiguration;
			buildSettings = {
				BUNDLE_LOADER = "$(TEST_HOST)";
				FRAMEWORK_SEARCH_PATHS = (
					"$(SDKROOT)/Developer/Library/Frameworks",
					"$(inherited)",
					"$(PROJECT_DIR)",
				);
				INFOPLIST_FILE = WorldpaySDKDemoTests/Info.plist;
				LD_RUNPATH_SEARCH_PATHS = "$(inherited) @executable_path/Frameworks @loader_path/Frameworks";
				PRODUCT_BUNDLE_IDENTIFIER = "com.worldpay.$(PRODUCT_NAME:rfc1034identifier)";
				PRODUCT_NAME = WorldpaySDKDemo;
				TEST_HOST = "$(BUILT_PRODUCTS_DIR)/WorldpaySDKDemo.app/WorldpaySDKDemo";
			};
			name = Release;
		};
		814EDC031C69636E0010877C /* Debug */ = {
			isa = XCBuildConfiguration;
			buildSettings = {
				ASSETCATALOG_COMPILER_APPICON_NAME = AppIcon;
				CLANG_WARN_INFINITE_RECURSION = NO;
				CLANG_WARN_SUSPICIOUS_MOVE = NO;
				CODE_SIGN_IDENTITY = "iPhone Developer";
				"CODE_SIGN_IDENTITY[sdk=iphoneos*]" = "iPhone Developer";
				DEVELOPMENT_TEAM = L9BL2S98Z6;
				ENABLE_BITCODE = NO;
				ENABLE_TESTABILITY = NO;
				FRAMEWORK_SEARCH_PATHS = (
					"$(inherited)",
					"$(PROJECT_DIR)",
					../sdk,
				);
				GCC_NO_COMMON_BLOCKS = NO;
				GCC_PREFIX_HEADER = PrefixHeader.pch;
				INFOPLIST_FILE = "$(SRCROOT)/WorldpaySDKDemo/Info.plist";
				LD_RUNPATH_SEARCH_PATHS = "$(inherited) @executable_path/Frameworks";
				OTHER_LDFLAGS = "-ObjC";
				PRODUCT_BUNDLE_IDENTIFIER = com.worldpay.ipc.miurademo;
				PRODUCT_NAME = WorldpaySDKDemo;
				PROVISIONING_PROFILE = "";
				VALID_ARCHS = "armv7 armv7s arm64";
			};
			name = Debug;
		};
		814EDC041C69636E0010877C /* Release */ = {
			isa = XCBuildConfiguration;
			buildSettings = {
				ASSETCATALOG_COMPILER_APPICON_NAME = AppIcon;
				CLANG_WARN_INFINITE_RECURSION = NO;
				CLANG_WARN_SUSPICIOUS_MOVE = NO;
				CODE_SIGN_IDENTITY = "iPhone Developer";
				"CODE_SIGN_IDENTITY[sdk=iphoneos*]" = "iPhone Developer";
				DEVELOPMENT_TEAM = L9BL2S98Z6;
				ENABLE_BITCODE = NO;
				FRAMEWORK_SEARCH_PATHS = (
					"$(inherited)",
					"$(PROJECT_DIR)",
					../sdk,
				);
				GCC_NO_COMMON_BLOCKS = NO;
				GCC_PREFIX_HEADER = PrefixHeader.pch;
				INFOPLIST_FILE = "$(SRCROOT)/WorldpaySDKDemo/Info.plist";
				LD_RUNPATH_SEARCH_PATHS = "$(inherited) @executable_path/Frameworks";
				OTHER_LDFLAGS = "-ObjC";
				PRODUCT_BUNDLE_IDENTIFIER = com.worldpay.ipc.miurademo;
				PRODUCT_NAME = WorldpaySDKDemo;
				PROVISIONING_PROFILE = "";
			};
			name = Release;
		};
/* End XCBuildConfiguration section */

/* Begin XCConfigurationList section */
		811A0D571BB2F20100B73C09 /* Build configuration list for PBXProject "WorldpaySDKDemo" */ = {
			isa = XCConfigurationList;
			buildConfigurations = (
				811A0D801BB2F20100B73C09 /* Debug */,
				811A0D811BB2F20100B73C09 /* Release */,
			);
			defaultConfigurationIsVisible = 0;
			defaultConfigurationName = Release;
		};
		811A0D821BB2F20100B73C09 /* Build configuration list for PBXNativeTarget "WorldpaySDKDemo_AC" */ = {
			isa = XCConfigurationList;
			buildConfigurations = (
				811A0D831BB2F20100B73C09 /* Debug */,
				811A0D841BB2F20100B73C09 /* Release */,
			);
			defaultConfigurationIsVisible = 0;
			defaultConfigurationName = Release;
		};
		811A0D851BB2F20100B73C09 /* Build configuration list for PBXNativeTarget "WorldpaySDKDemoTests" */ = {
			isa = XCConfigurationList;
			buildConfigurations = (
				811A0D861BB2F20100B73C09 /* Debug */,
				811A0D871BB2F20100B73C09 /* Release */,
			);
			defaultConfigurationIsVisible = 0;
			defaultConfigurationName = Release;
		};
		814EDC021C69636E0010877C /* Build configuration list for PBXNativeTarget "WorldpaySDKDemo__Miura" */ = {
			isa = XCConfigurationList;
			buildConfigurations = (
				814EDC031C69636E0010877C /* Debug */,
				814EDC041C69636E0010877C /* Release */,
			);
			defaultConfigurationIsVisible = 0;
			defaultConfigurationName = Release;
		};
/* End XCConfigurationList section */
	};
	rootObject = 811A0D541BB2F20100B73C09 /* Project object */;
}
