// !$*UTF8*$!
{
	archiveVersion = 1;
	classes = {
	};
	objectVersion = 46;
	objects = {

/* Begin PBXBuildFile section */
		811A0D621BB2F20100B73C09 /* main.m in Sources */ = {isa = PBXBuildFile; fileRef = 811A0D611BB2F20100B73C09 /* main.m */; };
		811A0D651BB2F20100B73C09 /* AppDelegate.m in Sources */ = {isa = PBXBuildFile; fileRef = 811A0D641BB2F20100B73C09 /* AppDelegate.m */; };
		811A0D701BB2F20100B73C09 /* Images.xcassets in Resources */ = {isa = PBXBuildFile; fileRef = 811A0D6F1BB2F20100B73C09 /* Images.xcassets */; };
		811A0D731BB2F20100B73C09 /* LaunchScreen.xib in Resources */ = {isa = PBXBuildFile; fileRef = 811A0D711BB2F20100B73C09 /* LaunchScreen.xib */; };
		811A0D7F1BB2F20100B73C09 /* WorldPaySDKDemoTests.m in Sources */ = {isa = PBXBuildFile; fileRef = 811A0D7E1BB2F20100B73C09 /* WorldPaySDKDemoTests.m */; };
		813F2AEF1D8896BA003F6716 /* WorldPaySDK_AC.framework in Frameworks */ = {isa = PBXBuildFile; fileRef = 813F2AEE1D8896BA003F6716 /* WorldPaySDK_AC.framework */; };
		813F2AF11D8896C7003F6716 /* WorldPaySDK_AC.framework in Embed Frameworks */ = {isa = PBXBuildFile; fileRef = 813F2AEE1D8896BA003F6716 /* WorldPaySDK_AC.framework */; settings = {ATTRIBUTES = (CodeSignOnCopy, RemoveHeadersOnCopy, ); }; };
		814EDBF61C69636E0010877C /* AppDelegate.m in Sources */ = {isa = PBXBuildFile; fileRef = 811A0D641BB2F20100B73C09 /* AppDelegate.m */; };
		814EDBF81C69636E0010877C /* main.m in Sources */ = {isa = PBXBuildFile; fileRef = 811A0D611BB2F20100B73C09 /* main.m */; };
		814EDBFF1C69636E0010877C /* LaunchScreen.xib in Resources */ = {isa = PBXBuildFile; fileRef = 811A0D711BB2F20100B73C09 /* LaunchScreen.xib */; };
		814EDC001C69636E0010877C /* Images.xcassets in Resources */ = {isa = PBXBuildFile; fileRef = 811A0D6F1BB2F20100B73C09 /* Images.xcassets */; };
		859D8E951DB0163F006BD88E /* VaultViewController.m in Sources */ = {isa = PBXBuildFile; fileRef = 859D8E931DB0163F006BD88E /* VaultViewController.m */; };
		859D8E961DB0163F006BD88E /* VaultViewController.m in Sources */ = {isa = PBXBuildFile; fileRef = 859D8E931DB0163F006BD88E /* VaultViewController.m */; };
		859D8E971DB0163F006BD88E /* VaultViewController.xib in Resources */ = {isa = PBXBuildFile; fileRef = 859D8E941DB0163F006BD88E /* VaultViewController.xib */; };
		859D8E981DB0163F006BD88E /* VaultViewController.xib in Resources */ = {isa = PBXBuildFile; fileRef = 859D8E941DB0163F006BD88E /* VaultViewController.xib */; };
		859D8E9C1DB01D59006BD88E /* CustomerViewController.m in Sources */ = {isa = PBXBuildFile; fileRef = 859D8E9A1DB01D59006BD88E /* CustomerViewController.m */; };
		859D8E9D1DB01D59006BD88E /* CustomerViewController.m in Sources */ = {isa = PBXBuildFile; fileRef = 859D8E9A1DB01D59006BD88E /* CustomerViewController.m */; };
		859D8E9E1DB01D59006BD88E /* CustomerViewController.xib in Resources */ = {isa = PBXBuildFile; fileRef = 859D8E9B1DB01D59006BD88E /* CustomerViewController.xib */; };
		859D8E9F1DB01D59006BD88E /* CustomerViewController.xib in Resources */ = {isa = PBXBuildFile; fileRef = 859D8E9B1DB01D59006BD88E /* CustomerViewController.xib */; };
		859D8EA31DB01D76006BD88E /* CustomerListViewController.m in Sources */ = {isa = PBXBuildFile; fileRef = 859D8EA11DB01D76006BD88E /* CustomerListViewController.m */; };
		859D8EA41DB01D76006BD88E /* CustomerListViewController.m in Sources */ = {isa = PBXBuildFile; fileRef = 859D8EA11DB01D76006BD88E /* CustomerListViewController.m */; };
		859D8EA51DB01D76006BD88E /* CustomerListViewController.xib in Resources */ = {isa = PBXBuildFile; fileRef = 859D8EA21DB01D76006BD88E /* CustomerListViewController.xib */; };
		859D8EA61DB01D76006BD88E /* CustomerListViewController.xib in Resources */ = {isa = PBXBuildFile; fileRef = 859D8EA21DB01D76006BD88E /* CustomerListViewController.xib */; };
		859D8EAA1DB01D8F006BD88E /* CustomerDetailViewController.m in Sources */ = {isa = PBXBuildFile; fileRef = 859D8EA81DB01D8F006BD88E /* CustomerDetailViewController.m */; };
		859D8EAB1DB01D8F006BD88E /* CustomerDetailViewController.m in Sources */ = {isa = PBXBuildFile; fileRef = 859D8EA81DB01D8F006BD88E /* CustomerDetailViewController.m */; };
		859D8EAC1DB01D8F006BD88E /* CustomerDetailViewController.xib in Resources */ = {isa = PBXBuildFile; fileRef = 859D8EA91DB01D8F006BD88E /* CustomerDetailViewController.xib */; };
		859D8EAD1DB01D8F006BD88E /* CustomerDetailViewController.xib in Resources */ = {isa = PBXBuildFile; fileRef = 859D8EA91DB01D8F006BD88E /* CustomerDetailViewController.xib */; };
		859D8EB11DB01D9E006BD88E /* CustomerPaymentViewController.m in Sources */ = {isa = PBXBuildFile; fileRef = 859D8EAF1DB01D9E006BD88E /* CustomerPaymentViewController.m */; };
		859D8EB21DB01D9E006BD88E /* CustomerPaymentViewController.m in Sources */ = {isa = PBXBuildFile; fileRef = 859D8EAF1DB01D9E006BD88E /* CustomerPaymentViewController.m */; };
		859D8EB31DB01D9E006BD88E /* CustomerPaymentViewController.xib in Resources */ = {isa = PBXBuildFile; fileRef = 859D8EB01DB01D9E006BD88E /* CustomerPaymentViewController.xib */; };
		859D8EB41DB01D9E006BD88E /* CustomerPaymentViewController.xib in Resources */ = {isa = PBXBuildFile; fileRef = 859D8EB01DB01D9E006BD88E /* CustomerPaymentViewController.xib */; };
		8908E7441DA5536A00EBF673 /* TransactionDetailCell.m in Sources */ = {isa = PBXBuildFile; fileRef = 8908E7421DA5536A00EBF673 /* TransactionDetailCell.m */; };
		8908E7451DA5536A00EBF673 /* TransactionDetailCell.xib in Resources */ = {isa = PBXBuildFile; fileRef = 8908E7431DA5536A00EBF673 /* TransactionDetailCell.xib */; };
		8908E7491DA6E57B00EBF673 /* CardDataCell.m in Sources */ = {isa = PBXBuildFile; fileRef = 8908E7471DA6E57B00EBF673 /* CardDataCell.m */; };
		8908E74A1DA6E57B00EBF673 /* CardDataCell.xib in Resources */ = {isa = PBXBuildFile; fileRef = 8908E7481DA6E57B00EBF673 /* CardDataCell.xib */; };
		8908E74E1DA6EBBC00EBF673 /* BillingAddressCell.m in Sources */ = {isa = PBXBuildFile; fileRef = 8908E74C1DA6EBBC00EBF673 /* BillingAddressCell.m */; };
		8908E74F1DA6EBBC00EBF673 /* BillingAddressCell.xib in Resources */ = {isa = PBXBuildFile; fileRef = 8908E74D1DA6EBBC00EBF673 /* BillingAddressCell.xib */; };
		8908E7531DA6FACB00EBF673 /* CustomerCell.m in Sources */ = {isa = PBXBuildFile; fileRef = 8908E7511DA6FACB00EBF673 /* CustomerCell.m */; };
		8908E7541DA6FACB00EBF673 /* CustomerCell.xib in Resources */ = {isa = PBXBuildFile; fileRef = 8908E7521DA6FACB00EBF673 /* CustomerCell.xib */; };
		894DF39C1DAD390D0043B01D /* Index.m in Sources */ = {isa = PBXBuildFile; fileRef = 894DF39B1DAD390D0043B01D /* Index.m */; };
		894DF39D1DAD390D0043B01D /* Index.m in Sources */ = {isa = PBXBuildFile; fileRef = 894DF39B1DAD390D0043B01D /* Index.m */; };
		894DF3A11DAD3FAE0043B01D /* VoidRefundViewController.m in Sources */ = {isa = PBXBuildFile; fileRef = 894DF39F1DAD3FAE0043B01D /* VoidRefundViewController.m */; };
		894DF3A21DAD3FAE0043B01D /* VoidRefundViewController.m in Sources */ = {isa = PBXBuildFile; fileRef = 894DF39F1DAD3FAE0043B01D /* VoidRefundViewController.m */; };
		894DF3A31DAD3FAE0043B01D /* VoidRefundViewController.xib in Resources */ = {isa = PBXBuildFile; fileRef = 894DF3A01DAD3FAE0043B01D /* VoidRefundViewController.xib */; };
		894DF3A41DAD3FAE0043B01D /* VoidRefundViewController.xib in Resources */ = {isa = PBXBuildFile; fileRef = 894DF3A01DAD3FAE0043B01D /* VoidRefundViewController.xib */; };
		896A6ECE1DAC093100FD8F77 /* TransactionDetailViewController.m in Sources */ = {isa = PBXBuildFile; fileRef = 89CB9EAE1DA461EE00E4F7E4 /* TransactionDetailViewController.m */; };
		896A6ECF1DAC094600FD8F77 /* TransactionDetailCell.m in Sources */ = {isa = PBXBuildFile; fileRef = 8908E7421DA5536A00EBF673 /* TransactionDetailCell.m */; };
		896A6ED01DAC094D00FD8F77 /* TransactionDetailCell.xib in Resources */ = {isa = PBXBuildFile; fileRef = 8908E7431DA5536A00EBF673 /* TransactionDetailCell.xib */; };
		896A6ED11DAC095200FD8F77 /* CardDataCell.m in Sources */ = {isa = PBXBuildFile; fileRef = 8908E7471DA6E57B00EBF673 /* CardDataCell.m */; };
		896A6ED21DAC095600FD8F77 /* CardDataCell.xib in Resources */ = {isa = PBXBuildFile; fileRef = 8908E7481DA6E57B00EBF673 /* CardDataCell.xib */; };
		896A6ED31DAC095D00FD8F77 /* BillingAddressCell.m in Sources */ = {isa = PBXBuildFile; fileRef = 8908E74C1DA6EBBC00EBF673 /* BillingAddressCell.m */; };
		896A6ED41DAC096100FD8F77 /* BillingAddressCell.xib in Resources */ = {isa = PBXBuildFile; fileRef = 8908E74D1DA6EBBC00EBF673 /* BillingAddressCell.xib */; };
		896A6ED51DAC096500FD8F77 /* CustomerCell.m in Sources */ = {isa = PBXBuildFile; fileRef = 8908E7511DA6FACB00EBF673 /* CustomerCell.m */; };
		896A6ED61DAC096900FD8F77 /* CustomerCell.xib in Resources */ = {isa = PBXBuildFile; fileRef = 8908E7521DA6FACB00EBF673 /* CustomerCell.xib */; };
		896A6ED71DAC137600FD8F77 /* TransactionDetailViewController.xib in Resources */ = {isa = PBXBuildFile; fileRef = 89CB9EAF1DA461EE00E4F7E4 /* TransactionDetailViewController.xib */; };
		896A6EDC1DAC265500FD8F77 /* SignatureViewController.m in Sources */ = {isa = PBXBuildFile; fileRef = 896A6EDB1DAC265500FD8F77 /* SignatureViewController.m */; };
		896A6EDD1DAC265500FD8F77 /* SignatureViewController.m in Sources */ = {isa = PBXBuildFile; fileRef = 896A6EDB1DAC265500FD8F77 /* SignatureViewController.m */; };
		896A6EDF1DAC267800FD8F77 /* SignatureViewController.xib in Resources */ = {isa = PBXBuildFile; fileRef = 896A6EDE1DAC267800FD8F77 /* SignatureViewController.xib */; };
		896A6EE01DAC267800FD8F77 /* SignatureViewController.xib in Resources */ = {isa = PBXBuildFile; fileRef = 896A6EDE1DAC267800FD8F77 /* SignatureViewController.xib */; };
		896A6EE31DAC321B00FD8F77 /* LandscapeNavigationController.m in Sources */ = {isa = PBXBuildFile; fileRef = 896A6EE21DAC321B00FD8F77 /* LandscapeNavigationController.m */; };
		896A6EE41DAC321B00FD8F77 /* LandscapeNavigationController.m in Sources */ = {isa = PBXBuildFile; fileRef = 896A6EE21DAC321B00FD8F77 /* LandscapeNavigationController.m */; };
		89A4DF681DA8110E007F79D6 /* Helper.m in Sources */ = {isa = PBXBuildFile; fileRef = 89A4DF671DA8110E007F79D6 /* Helper.m */; };
		89A4DF691DA8110E007F79D6 /* Helper.m in Sources */ = {isa = PBXBuildFile; fileRef = 89A4DF671DA8110E007F79D6 /* Helper.m */; };
		89CB9EB01DA461EE00E4F7E4 /* TransactionDetailViewController.m in Sources */ = {isa = PBXBuildFile; fileRef = 89CB9EAE1DA461EE00E4F7E4 /* TransactionDetailViewController.m */; };
		89CB9EB11DA461EE00E4F7E4 /* TransactionDetailViewController.xib in Resources */ = {isa = PBXBuildFile; fileRef = 89CB9EAF1DA461EE00E4F7E4 /* TransactionDetailViewController.xib */; };
		89D200051DAEB6DC0090C9AE /* SettlementViewController.m in Sources */ = {isa = PBXBuildFile; fileRef = 89D200031DAEB6DC0090C9AE /* SettlementViewController.m */; };
		89D200061DAEB6DC0090C9AE /* SettlementViewController.m in Sources */ = {isa = PBXBuildFile; fileRef = 89D200031DAEB6DC0090C9AE /* SettlementViewController.m */; };
		89D200071DAEB6DC0090C9AE /* SettlementViewController.xib in Resources */ = {isa = PBXBuildFile; fileRef = 89D200041DAEB6DC0090C9AE /* SettlementViewController.xib */; };
		89D200081DAEB6DC0090C9AE /* SettlementViewController.xib in Resources */ = {isa = PBXBuildFile; fileRef = 89D200041DAEB6DC0090C9AE /* SettlementViewController.xib */; };
		89D2000B1DAEC9780090C9AE /* BatchDetailTableViewController.m in Sources */ = {isa = PBXBuildFile; fileRef = 89D2000A1DAEC9780090C9AE /* BatchDetailTableViewController.m */; };
		89D2000C1DAEC9780090C9AE /* BatchDetailTableViewController.m in Sources */ = {isa = PBXBuildFile; fileRef = 89D2000A1DAEC9780090C9AE /* BatchDetailTableViewController.m */; };
		89D200101DAECB160090C9AE /* BatchTransactionTableViewCell.m in Sources */ = {isa = PBXBuildFile; fileRef = 89D2000E1DAECB160090C9AE /* BatchTransactionTableViewCell.m */; };
		89D200111DAECB160090C9AE /* BatchTransactionTableViewCell.m in Sources */ = {isa = PBXBuildFile; fileRef = 89D2000E1DAECB160090C9AE /* BatchTransactionTableViewCell.m */; };
		89D200121DAECB160090C9AE /* BatchTransactionTableViewCell.xib in Resources */ = {isa = PBXBuildFile; fileRef = 89D2000F1DAECB160090C9AE /* BatchTransactionTableViewCell.xib */; };
		89D200131DAECB160090C9AE /* BatchTransactionTableViewCell.xib in Resources */ = {isa = PBXBuildFile; fileRef = 89D2000F1DAECB160090C9AE /* BatchTransactionTableViewCell.xib */; };
		8C068D011DA4146E00578C9D /* Main.storyboard in Resources */ = {isa = PBXBuildFile; fileRef = 8C068D001DA4146E00578C9D /* Main.storyboard */; };
		8C068D021DA4147F00578C9D /* Main.storyboard in Resources */ = {isa = PBXBuildFile; fileRef = 8C068D001DA4146E00578C9D /* Main.storyboard */; };
		8C2B20B21DA3F23500643EEB /* TransactionViewController.m in Sources */ = {isa = PBXBuildFile; fileRef = 8C2B20B01DA3F23500643EEB /* TransactionViewController.m */; };
		8C2B20B31DA3F23500643EEB /* TransactionViewController.m in Sources */ = {isa = PBXBuildFile; fileRef = 8C2B20B01DA3F23500643EEB /* TransactionViewController.m */; };
		8C2B20B41DA3F23500643EEB /* TransactionViewController.xib in Resources */ = {isa = PBXBuildFile; fileRef = 8C2B20B11DA3F23500643EEB /* TransactionViewController.xib */; };
		8C2B20B51DA3F23500643EEB /* TransactionViewController.xib in Resources */ = {isa = PBXBuildFile; fileRef = 8C2B20B11DA3F23500643EEB /* TransactionViewController.xib */; };
		8C2B20B81DA3F2EA00643EEB /* DropDownTextField.m in Sources */ = {isa = PBXBuildFile; fileRef = 8C2B20B71DA3F2EA00643EEB /* DropDownTextField.m */; };
		8C2B20B91DA3F2EA00643EEB /* DropDownTextField.m in Sources */ = {isa = PBXBuildFile; fileRef = 8C2B20B71DA3F2EA00643EEB /* DropDownTextField.m */; };
		8CAE8A7E1DA69ED0006DBC36 /* UIColor+Worldpay.m in Sources */ = {isa = PBXBuildFile; fileRef = 8CAE8A7D1DA69ED0006DBC36 /* UIColor+Worldpay.m */; };
		8CAE8A7F1DA69ED0006DBC36 /* UIColor+Worldpay.m in Sources */ = {isa = PBXBuildFile; fileRef = 8CAE8A7D1DA69ED0006DBC36 /* UIColor+Worldpay.m */; };
		8CAE8A821DA6A26A006DBC36 /* UIFont+Worldpay.m in Sources */ = {isa = PBXBuildFile; fileRef = 8CAE8A811DA6A26A006DBC36 /* UIFont+Worldpay.m */; };
		8CAE8A831DA6A26A006DBC36 /* UIFont+Worldpay.m in Sources */ = {isa = PBXBuildFile; fileRef = 8CAE8A811DA6A26A006DBC36 /* UIFont+Worldpay.m */; };
		8CAE8A8A1DA6B5EE006DBC36 /* ExtendableView.m in Sources */ = {isa = PBXBuildFile; fileRef = 8CAE8A891DA6B5EE006DBC36 /* ExtendableView.m */; };
		8CAE8A8B1DA6B5EE006DBC36 /* ExtendableView.m in Sources */ = {isa = PBXBuildFile; fileRef = 8CAE8A891DA6B5EE006DBC36 /* ExtendableView.m */; };
		8CAE8A8D1DA6B605006DBC36 /* ExtendableView.xib in Resources */ = {isa = PBXBuildFile; fileRef = 8CAE8A8C1DA6B605006DBC36 /* ExtendableView.xib */; };
		8CAE8A8E1DA6B605006DBC36 /* ExtendableView.xib in Resources */ = {isa = PBXBuildFile; fileRef = 8CAE8A8C1DA6B605006DBC36 /* ExtendableView.xib */; };
		8CAE8A9E1DA6F7A4006DBC36 /* AdelleSans_Bold.otf in Resources */ = {isa = PBXBuildFile; fileRef = 8CAE8A9C1DA6F7A4006DBC36 /* AdelleSans_Bold.otf */; };
		8CAE8A9F1DA6F7A4006DBC36 /* AdelleSans_Bold.otf in Resources */ = {isa = PBXBuildFile; fileRef = 8CAE8A9C1DA6F7A4006DBC36 /* AdelleSans_Bold.otf */; };
		8CAE8AA01DA6F7A4006DBC36 /* AdelleSans_Regular.otf in Resources */ = {isa = PBXBuildFile; fileRef = 8CAE8A9D1DA6F7A4006DBC36 /* AdelleSans_Regular.otf */; };
		8CAE8AA11DA6F7A4006DBC36 /* AdelleSans_Regular.otf in Resources */ = {isa = PBXBuildFile; fileRef = 8CAE8A9D1DA6F7A4006DBC36 /* AdelleSans_Regular.otf */; };
		8CCE416C1DA4491900233268 /* WorldPaySDK_Miura.framework in Frameworks */ = {isa = PBXBuildFile; fileRef = 813F2AF21D889708003F6716 /* WorldPaySDK_Miura.framework */; };
		8CCE416D1DA4491900233268 /* WorldPaySDK_Miura.framework in Embed Frameworks */ = {isa = PBXBuildFile; fileRef = 813F2AF21D889708003F6716 /* WorldPaySDK_Miura.framework */; settings = {ATTRIBUTES = (CodeSignOnCopy, RemoveHeadersOnCopy, ); }; };
		8CDEB6C31DA8105100F81B63 /* ExtendedInformationView.m in Sources */ = {isa = PBXBuildFile; fileRef = 8CDEB6C21DA8105100F81B63 /* ExtendedInformationView.m */; };
		8CDEB6C41DA8105100F81B63 /* ExtendedInformationView.m in Sources */ = {isa = PBXBuildFile; fileRef = 8CDEB6C21DA8105100F81B63 /* ExtendedInformationView.m */; };
		8CDEB6C61DA8106600F81B63 /* ExtendedInformationView.xib in Resources */ = {isa = PBXBuildFile; fileRef = 8CDEB6C51DA8106600F81B63 /* ExtendedInformationView.xib */; };
		8CDEB6C71DA8106600F81B63 /* ExtendedInformationView.xib in Resources */ = {isa = PBXBuildFile; fileRef = 8CDEB6C51DA8106600F81B63 /* ExtendedInformationView.xib */; };
/* End PBXBuildFile section */

/* Begin PBXContainerItemProxy section */
		811A0D791BB2F20100B73C09 /* PBXContainerItemProxy */ = {
			isa = PBXContainerItemProxy;
			containerPortal = 811A0D541BB2F20100B73C09 /* Project object */;
			proxyType = 1;
			remoteGlobalIDString = 811A0D5B1BB2F20100B73C09;
			remoteInfo = WorldPaySDKDemo;
		};
/* End PBXContainerItemProxy section */

/* Begin PBXCopyFilesBuildPhase section */
		811A0DA31BB2F75C00B73C09 /* Embed Frameworks */ = {
			isa = PBXCopyFilesBuildPhase;
			buildActionMask = 2147483647;
			dstPath = "";
			dstSubfolderSpec = 10;
			files = (
				813F2AF11D8896C7003F6716 /* WorldPaySDK_AC.framework in Embed Frameworks */,
			);
			name = "Embed Frameworks";
			runOnlyForDeploymentPostprocessing = 0;
		};
		814EDC011C69636E0010877C /* Embed Frameworks */ = {
			isa = PBXCopyFilesBuildPhase;
			buildActionMask = 2147483647;
			dstPath = "";
			dstSubfolderSpec = 10;
			files = (
				8CCE416D1DA4491900233268 /* WorldPaySDK_Miura.framework in Embed Frameworks */,
			);
			name = "Embed Frameworks";
			runOnlyForDeploymentPostprocessing = 0;
		};
/* End PBXCopyFilesBuildPhase section */

/* Begin PBXFileReference section */
		811A0D5C1BB2F20100B73C09 /* WorldPaySDKDemo_AC.app */ = {isa = PBXFileReference; explicitFileType = wrapper.application; includeInIndex = 0; path = WorldPaySDKDemo_AC.app; sourceTree = BUILT_PRODUCTS_DIR; };
		811A0D611BB2F20100B73C09 /* main.m */ = {isa = PBXFileReference; lastKnownFileType = sourcecode.c.objc; path = main.m; sourceTree = "<group>"; };
		811A0D631BB2F20100B73C09 /* AppDelegate.h */ = {isa = PBXFileReference; lastKnownFileType = sourcecode.c.h; path = AppDelegate.h; sourceTree = "<group>"; };
		811A0D641BB2F20100B73C09 /* AppDelegate.m */ = {isa = PBXFileReference; lastKnownFileType = sourcecode.c.objc; path = AppDelegate.m; sourceTree = "<group>"; };
		811A0D6F1BB2F20100B73C09 /* Images.xcassets */ = {isa = PBXFileReference; lastKnownFileType = folder.assetcatalog; path = Images.xcassets; sourceTree = "<group>"; };
		811A0D721BB2F20100B73C09 /* Base */ = {isa = PBXFileReference; lastKnownFileType = file.xib; name = Base; path = Base.lproj/LaunchScreen.xib; sourceTree = "<group>"; };
		811A0D781BB2F20100B73C09 /* WorldPaySDKDemoTests.xctest */ = {isa = PBXFileReference; explicitFileType = wrapper.cfbundle; includeInIndex = 0; path = WorldPaySDKDemoTests.xctest; sourceTree = BUILT_PRODUCTS_DIR; };
		811A0D7D1BB2F20100B73C09 /* Info.plist */ = {isa = PBXFileReference; lastKnownFileType = text.plist.xml; path = Info.plist; sourceTree = "<group>"; };
		811A0D7E1BB2F20100B73C09 /* WorldPaySDKDemoTests.m */ = {isa = PBXFileReference; lastKnownFileType = sourcecode.c.objc; path = WorldPaySDKDemoTests.m; sourceTree = "<group>"; };
		813F2AEE1D8896BA003F6716 /* WorldPaySDK_AC.framework */ = {isa = PBXFileReference; lastKnownFileType = wrapper.framework; name = WorldPaySDK_AC.framework; path = ../WorldPaySDK_AC.framework; sourceTree = "<group>"; };
		813F2AF21D889708003F6716 /* WorldPaySDK_Miura.framework */ = {isa = PBXFileReference; lastKnownFileType = wrapper.framework; name = WorldPaySDK_Miura.framework; path = ../WorldPaySDK_Miura.framework; sourceTree = "<group>"; };
		814EDC051C69636E0010877C /* WorldPaySDKDemo_Miura.app */ = {isa = PBXFileReference; explicitFileType = wrapper.application; includeInIndex = 0; path = WorldPaySDKDemo_Miura.app; sourceTree = BUILT_PRODUCTS_DIR; };
		814EDC061C69636E0010877C /* Info.plist */ = {isa = PBXFileReference; lastKnownFileType = text.plist.xml; path = Info.plist; sourceTree = SOURCE_ROOT; };
		859D8E921DB0163F006BD88E /* VaultViewController.h */ = {isa = PBXFileReference; fileEncoding = 4; lastKnownFileType = sourcecode.c.h; path = VaultViewController.h; sourceTree = "<group>"; };
		859D8E931DB0163F006BD88E /* VaultViewController.m */ = {isa = PBXFileReference; fileEncoding = 4; lastKnownFileType = sourcecode.c.objc; path = VaultViewController.m; sourceTree = "<group>"; };
		859D8E941DB0163F006BD88E /* VaultViewController.xib */ = {isa = PBXFileReference; fileEncoding = 4; lastKnownFileType = file.xib; path = VaultViewController.xib; sourceTree = "<group>"; };
		859D8E991DB01D59006BD88E /* CustomerViewController.h */ = {isa = PBXFileReference; fileEncoding = 4; lastKnownFileType = sourcecode.c.h; path = CustomerViewController.h; sourceTree = "<group>"; };
		859D8E9A1DB01D59006BD88E /* CustomerViewController.m */ = {isa = PBXFileReference; fileEncoding = 4; lastKnownFileType = sourcecode.c.objc; path = CustomerViewController.m; sourceTree = "<group>"; };
		859D8E9B1DB01D59006BD88E /* CustomerViewController.xib */ = {isa = PBXFileReference; fileEncoding = 4; lastKnownFileType = file.xib; path = CustomerViewController.xib; sourceTree = "<group>"; };
		859D8EA01DB01D76006BD88E /* CustomerListViewController.h */ = {isa = PBXFileReference; fileEncoding = 4; lastKnownFileType = sourcecode.c.h; path = CustomerListViewController.h; sourceTree = "<group>"; };
		859D8EA11DB01D76006BD88E /* CustomerListViewController.m */ = {isa = PBXFileReference; fileEncoding = 4; lastKnownFileType = sourcecode.c.objc; path = CustomerListViewController.m; sourceTree = "<group>"; };
		859D8EA21DB01D76006BD88E /* CustomerListViewController.xib */ = {isa = PBXFileReference; fileEncoding = 4; lastKnownFileType = file.xib; path = CustomerListViewController.xib; sourceTree = "<group>"; };
		859D8EA71DB01D8F006BD88E /* CustomerDetailViewController.h */ = {isa = PBXFileReference; fileEncoding = 4; lastKnownFileType = sourcecode.c.h; path = CustomerDetailViewController.h; sourceTree = "<group>"; };
		859D8EA81DB01D8F006BD88E /* CustomerDetailViewController.m */ = {isa = PBXFileReference; fileEncoding = 4; lastKnownFileType = sourcecode.c.objc; path = CustomerDetailViewController.m; sourceTree = "<group>"; };
		859D8EA91DB01D8F006BD88E /* CustomerDetailViewController.xib */ = {isa = PBXFileReference; fileEncoding = 4; lastKnownFileType = file.xib; path = CustomerDetailViewController.xib; sourceTree = "<group>"; };
		859D8EAE1DB01D9E006BD88E /* CustomerPaymentViewController.h */ = {isa = PBXFileReference; fileEncoding = 4; lastKnownFileType = sourcecode.c.h; path = CustomerPaymentViewController.h; sourceTree = "<group>"; };
		859D8EAF1DB01D9E006BD88E /* CustomerPaymentViewController.m */ = {isa = PBXFileReference; fileEncoding = 4; lastKnownFileType = sourcecode.c.objc; path = CustomerPaymentViewController.m; sourceTree = "<group>"; };
		859D8EB01DB01D9E006BD88E /* CustomerPaymentViewController.xib */ = {isa = PBXFileReference; fileEncoding = 4; lastKnownFileType = file.xib; path = CustomerPaymentViewController.xib; sourceTree = "<group>"; };
		8908E7411DA5536A00EBF673 /* TransactionDetailCell.h */ = {isa = PBXFileReference; fileEncoding = 4; lastKnownFileType = sourcecode.c.h; path = TransactionDetailCell.h; sourceTree = "<group>"; };
		8908E7421DA5536A00EBF673 /* TransactionDetailCell.m */ = {isa = PBXFileReference; fileEncoding = 4; lastKnownFileType = sourcecode.c.objc; path = TransactionDetailCell.m; sourceTree = "<group>"; };
		8908E7431DA5536A00EBF673 /* TransactionDetailCell.xib */ = {isa = PBXFileReference; fileEncoding = 4; lastKnownFileType = file.xib; path = TransactionDetailCell.xib; sourceTree = "<group>"; };
		8908E7461DA6E57B00EBF673 /* CardDataCell.h */ = {isa = PBXFileReference; fileEncoding = 4; lastKnownFileType = sourcecode.c.h; path = CardDataCell.h; sourceTree = "<group>"; };
		8908E7471DA6E57B00EBF673 /* CardDataCell.m */ = {isa = PBXFileReference; fileEncoding = 4; lastKnownFileType = sourcecode.c.objc; path = CardDataCell.m; sourceTree = "<group>"; };
		8908E7481DA6E57B00EBF673 /* CardDataCell.xib */ = {isa = PBXFileReference; fileEncoding = 4; lastKnownFileType = file.xib; path = CardDataCell.xib; sourceTree = "<group>"; };
		8908E74B1DA6EBBC00EBF673 /* BillingAddressCell.h */ = {isa = PBXFileReference; fileEncoding = 4; lastKnownFileType = sourcecode.c.h; path = BillingAddressCell.h; sourceTree = "<group>"; };
		8908E74C1DA6EBBC00EBF673 /* BillingAddressCell.m */ = {isa = PBXFileReference; fileEncoding = 4; lastKnownFileType = sourcecode.c.objc; path = BillingAddressCell.m; sourceTree = "<group>"; };
		8908E74D1DA6EBBC00EBF673 /* BillingAddressCell.xib */ = {isa = PBXFileReference; fileEncoding = 4; lastKnownFileType = file.xib; path = BillingAddressCell.xib; sourceTree = "<group>"; };
		8908E7501DA6FACB00EBF673 /* CustomerCell.h */ = {isa = PBXFileReference; fileEncoding = 4; lastKnownFileType = sourcecode.c.h; path = CustomerCell.h; sourceTree = "<group>"; };
		8908E7511DA6FACB00EBF673 /* CustomerCell.m */ = {isa = PBXFileReference; fileEncoding = 4; lastKnownFileType = sourcecode.c.objc; path = CustomerCell.m; sourceTree = "<group>"; };
		8908E7521DA6FACB00EBF673 /* CustomerCell.xib */ = {isa = PBXFileReference; fileEncoding = 4; lastKnownFileType = file.xib; path = CustomerCell.xib; sourceTree = "<group>"; };
		894DF39A1DAD390D0043B01D /* Index.h */ = {isa = PBXFileReference; fileEncoding = 4; lastKnownFileType = sourcecode.c.h; path = Index.h; sourceTree = "<group>"; };
		894DF39B1DAD390D0043B01D /* Index.m */ = {isa = PBXFileReference; fileEncoding = 4; lastKnownFileType = sourcecode.c.objc; path = Index.m; sourceTree = "<group>"; };
		894DF39E1DAD3FAE0043B01D /* VoidRefundViewController.h */ = {isa = PBXFileReference; fileEncoding = 4; lastKnownFileType = sourcecode.c.h; path = VoidRefundViewController.h; sourceTree = "<group>"; };
		894DF39F1DAD3FAE0043B01D /* VoidRefundViewController.m */ = {isa = PBXFileReference; fileEncoding = 4; lastKnownFileType = sourcecode.c.objc; path = VoidRefundViewController.m; sourceTree = "<group>"; };
		894DF3A01DAD3FAE0043B01D /* VoidRefundViewController.xib */ = {isa = PBXFileReference; fileEncoding = 4; lastKnownFileType = file.xib; path = VoidRefundViewController.xib; sourceTree = "<group>"; };
		896A6EDA1DAC265500FD8F77 /* SignatureViewController.h */ = {isa = PBXFileReference; fileEncoding = 4; lastKnownFileType = sourcecode.c.h; path = SignatureViewController.h; sourceTree = "<group>"; };
		896A6EDB1DAC265500FD8F77 /* SignatureViewController.m */ = {isa = PBXFileReference; fileEncoding = 4; lastKnownFileType = sourcecode.c.objc; path = SignatureViewController.m; sourceTree = "<group>"; };
		896A6EDE1DAC267800FD8F77 /* SignatureViewController.xib */ = {isa = PBXFileReference; fileEncoding = 4; lastKnownFileType = file.xib; path = SignatureViewController.xib; sourceTree = "<group>"; };
		896A6EE11DAC321B00FD8F77 /* LandscapeNavigationController.h */ = {isa = PBXFileReference; fileEncoding = 4; lastKnownFileType = sourcecode.c.h; path = LandscapeNavigationController.h; sourceTree = "<group>"; };
		896A6EE21DAC321B00FD8F77 /* LandscapeNavigationController.m */ = {isa = PBXFileReference; fileEncoding = 4; lastKnownFileType = sourcecode.c.objc; path = LandscapeNavigationController.m; sourceTree = "<group>"; };
		89A4DF661DA80FAF007F79D6 /* Helper.h */ = {isa = PBXFileReference; fileEncoding = 4; lastKnownFileType = sourcecode.c.h; path = Helper.h; sourceTree = "<group>"; };
		89A4DF671DA8110E007F79D6 /* Helper.m */ = {isa = PBXFileReference; fileEncoding = 4; lastKnownFileType = sourcecode.c.objc; path = Helper.m; sourceTree = "<group>"; };
		89CB9EAD1DA461EE00E4F7E4 /* TransactionDetailViewController.h */ = {isa = PBXFileReference; fileEncoding = 4; lastKnownFileType = sourcecode.c.h; name = TransactionDetailViewController.h; path = ../TransactionDetailViewController.h; sourceTree = "<group>"; };
		89CB9EAE1DA461EE00E4F7E4 /* TransactionDetailViewController.m */ = {isa = PBXFileReference; fileEncoding = 4; lastKnownFileType = sourcecode.c.objc; name = TransactionDetailViewController.m; path = ../TransactionDetailViewController.m; sourceTree = "<group>"; };
		89CB9EAF1DA461EE00E4F7E4 /* TransactionDetailViewController.xib */ = {isa = PBXFileReference; fileEncoding = 4; lastKnownFileType = file.xib; name = TransactionDetailViewController.xib; path = ../TransactionDetailViewController.xib; sourceTree = "<group>"; };
		89D200021DAEB6DC0090C9AE /* SettlementViewController.h */ = {isa = PBXFileReference; fileEncoding = 4; lastKnownFileType = sourcecode.c.h; path = SettlementViewController.h; sourceTree = "<group>"; };
		89D200031DAEB6DC0090C9AE /* SettlementViewController.m */ = {isa = PBXFileReference; fileEncoding = 4; lastKnownFileType = sourcecode.c.objc; path = SettlementViewController.m; sourceTree = "<group>"; };
		89D200041DAEB6DC0090C9AE /* SettlementViewController.xib */ = {isa = PBXFileReference; fileEncoding = 4; lastKnownFileType = file.xib; path = SettlementViewController.xib; sourceTree = "<group>"; };
		89D200091DAEC9780090C9AE /* BatchDetailTableViewController.h */ = {isa = PBXFileReference; fileEncoding = 4; lastKnownFileType = sourcecode.c.h; path = BatchDetailTableViewController.h; sourceTree = "<group>"; };
		89D2000A1DAEC9780090C9AE /* BatchDetailTableViewController.m */ = {isa = PBXFileReference; fileEncoding = 4; lastKnownFileType = sourcecode.c.objc; path = BatchDetailTableViewController.m; sourceTree = "<group>"; };
		89D2000D1DAECB160090C9AE /* BatchTransactionTableViewCell.h */ = {isa = PBXFileReference; fileEncoding = 4; lastKnownFileType = sourcecode.c.h; path = BatchTransactionTableViewCell.h; sourceTree = "<group>"; };
		89D2000E1DAECB160090C9AE /* BatchTransactionTableViewCell.m */ = {isa = PBXFileReference; fileEncoding = 4; lastKnownFileType = sourcecode.c.objc; path = BatchTransactionTableViewCell.m; sourceTree = "<group>"; };
		89D2000F1DAECB160090C9AE /* BatchTransactionTableViewCell.xib */ = {isa = PBXFileReference; fileEncoding = 4; lastKnownFileType = file.xib; path = BatchTransactionTableViewCell.xib; sourceTree = "<group>"; };
		8C068D001DA4146E00578C9D /* Main.storyboard */ = {isa = PBXFileReference; fileEncoding = 4; lastKnownFileType = file.storyboard; name = Main.storyboard; path = ../Main.storyboard; sourceTree = "<group>"; };
		8C2B20AF1DA3F23500643EEB /* TransactionViewController.h */ = {isa = PBXFileReference; fileEncoding = 4; lastKnownFileType = sourcecode.c.h; path = TransactionViewController.h; sourceTree = "<group>"; };
		8C2B20B01DA3F23500643EEB /* TransactionViewController.m */ = {isa = PBXFileReference; fileEncoding = 4; lastKnownFileType = sourcecode.c.objc; path = TransactionViewController.m; sourceTree = "<group>"; };
		8C2B20B11DA3F23500643EEB /* TransactionViewController.xib */ = {isa = PBXFileReference; fileEncoding = 4; lastKnownFileType = file.xib; path = TransactionViewController.xib; sourceTree = "<group>"; };
		8C2B20B61DA3F2EA00643EEB /* DropDownTextField.h */ = {isa = PBXFileReference; fileEncoding = 4; lastKnownFileType = sourcecode.c.h; path = DropDownTextField.h; sourceTree = "<group>"; };
		8C2B20B71DA3F2EA00643EEB /* DropDownTextField.m */ = {isa = PBXFileReference; fileEncoding = 4; lastKnownFileType = sourcecode.c.objc; path = DropDownTextField.m; sourceTree = "<group>"; };
		8CAE8A7C1DA69ED0006DBC36 /* UIColor+Worldpay.h */ = {isa = PBXFileReference; fileEncoding = 4; lastKnownFileType = sourcecode.c.h; path = "UIColor+Worldpay.h"; sourceTree = "<group>"; };
		8CAE8A7D1DA69ED0006DBC36 /* UIColor+Worldpay.m */ = {isa = PBXFileReference; fileEncoding = 4; lastKnownFileType = sourcecode.c.objc; path = "UIColor+Worldpay.m"; sourceTree = "<group>"; };
		8CAE8A801DA6A26A006DBC36 /* UIFont+Worldpay.h */ = {isa = PBXFileReference; fileEncoding = 4; lastKnownFileType = sourcecode.c.h; path = "UIFont+Worldpay.h"; sourceTree = "<group>"; };
		8CAE8A811DA6A26A006DBC36 /* UIFont+Worldpay.m */ = {isa = PBXFileReference; fileEncoding = 4; lastKnownFileType = sourcecode.c.objc; path = "UIFont+Worldpay.m"; sourceTree = "<group>"; };
		8CAE8A881DA6B5EE006DBC36 /* ExtendableView.h */ = {isa = PBXFileReference; fileEncoding = 4; lastKnownFileType = sourcecode.c.h; path = ExtendableView.h; sourceTree = "<group>"; };
		8CAE8A891DA6B5EE006DBC36 /* ExtendableView.m */ = {isa = PBXFileReference; fileEncoding = 4; lastKnownFileType = sourcecode.c.objc; path = ExtendableView.m; sourceTree = "<group>"; };
		8CAE8A8C1DA6B605006DBC36 /* ExtendableView.xib */ = {isa = PBXFileReference; fileEncoding = 4; lastKnownFileType = file.xib; path = ExtendableView.xib; sourceTree = "<group>"; };
		8CAE8A9C1DA6F7A4006DBC36 /* AdelleSans_Bold.otf */ = {isa = PBXFileReference; lastKnownFileType = file; path = AdelleSans_Bold.otf; sourceTree = "<group>"; };
		8CAE8A9D1DA6F7A4006DBC36 /* AdelleSans_Regular.otf */ = {isa = PBXFileReference; lastKnownFileType = file; path = AdelleSans_Regular.otf; sourceTree = "<group>"; };
		8CDEB6C11DA8105100F81B63 /* ExtendedInformationView.h */ = {isa = PBXFileReference; fileEncoding = 4; lastKnownFileType = sourcecode.c.h; path = ExtendedInformationView.h; sourceTree = "<group>"; };
		8CDEB6C21DA8105100F81B63 /* ExtendedInformationView.m */ = {isa = PBXFileReference; fileEncoding = 4; lastKnownFileType = sourcecode.c.objc; path = ExtendedInformationView.m; sourceTree = "<group>"; };
		8CDEB6C51DA8106600F81B63 /* ExtendedInformationView.xib */ = {isa = PBXFileReference; fileEncoding = 4; lastKnownFileType = file.xib; path = ExtendedInformationView.xib; sourceTree = "<group>"; };
/* End PBXFileReference section */

/* Begin PBXFrameworksBuildPhase section */
		811A0D591BB2F20100B73C09 /* Frameworks */ = {
			isa = PBXFrameworksBuildPhase;
			buildActionMask = 2147483647;
			files = (
				813F2AEF1D8896BA003F6716 /* WorldPaySDK_AC.framework in Frameworks */,
			);
			runOnlyForDeploymentPostprocessing = 0;
		};
		811A0D751BB2F20100B73C09 /* Frameworks */ = {
			isa = PBXFrameworksBuildPhase;
			buildActionMask = 2147483647;
			files = (
			);
			runOnlyForDeploymentPostprocessing = 0;
		};
		814EDBFA1C69636E0010877C /* Frameworks */ = {
			isa = PBXFrameworksBuildPhase;
			buildActionMask = 2147483647;
			files = (
				8CCE416C1DA4491900233268 /* WorldPaySDK_Miura.framework in Frameworks */,
			);
			runOnlyForDeploymentPostprocessing = 0;
		};
/* End PBXFrameworksBuildPhase section */

/* Begin PBXGroup section */
		811A0D531BB2F20100B73C09 = {
			isa = PBXGroup;
			children = (
				811A0D5E1BB2F20100B73C09 /* WorldPaySDKDemo */,
				811A0D7B1BB2F20100B73C09 /* WorldPaySDKDemoTests */,
				811A0D5D1BB2F20100B73C09 /* Products */,
				814EDC061C69636E0010877C /* Info.plist */,
			);
			sourceTree = "<group>";
		};
		811A0D5D1BB2F20100B73C09 /* Products */ = {
			isa = PBXGroup;
			children = (
				811A0D5C1BB2F20100B73C09 /* WorldPaySDKDemo_AC.app */,
				811A0D781BB2F20100B73C09 /* WorldPaySDKDemoTests.xctest */,
				814EDC051C69636E0010877C /* WorldPaySDKDemo_Miura.app */,
			);
			name = Products;
			sourceTree = "<group>";
		};
		811A0D5E1BB2F20100B73C09 /* WorldPaySDKDemo */ = {
			isa = PBXGroup;
			children = (
				811A0D631BB2F20100B73C09 /* AppDelegate.h */,
				811A0D641BB2F20100B73C09 /* AppDelegate.m */,
				8908E7401DA5534700EBF673 /* Cells */,
				8CDEB6C01DA80FFF00F81B63 /* Views */,
				8CAE8A7B1DA69E8F006DBC36 /* Extensions */,
				8C2B20BA1DA3F2F800643EEB /* Controls */,
				896A6ED91DAC25B300FD8F77 /* Controllers */,
				811A0D6F1BB2F20100B73C09 /* Images.xcassets */,
				8C068D001DA4146E00578C9D /* Main.storyboard */,
				811A0D711BB2F20100B73C09 /* LaunchScreen.xib */,
				811A0D5F1BB2F20100B73C09 /* Supporting Files */,
			);
			path = WorldPaySDKDemo;
			sourceTree = "<group>";
		};
		811A0D5F1BB2F20100B73C09 /* Supporting Files */ = {
			isa = PBXGroup;
			children = (
				8CAE8A8F1DA6F3C4006DBC36 /* Fonts */,
				811A0DA01BB2F57800B73C09 /* Frameworks */,
				811A0D611BB2F20100B73C09 /* main.m */,
			);
			name = "Supporting Files";
			sourceTree = "<group>";
		};
		811A0D7B1BB2F20100B73C09 /* WorldPaySDKDemoTests */ = {
			isa = PBXGroup;
			children = (
				811A0D7E1BB2F20100B73C09 /* WorldPaySDKDemoTests.m */,
				811A0D7C1BB2F20100B73C09 /* Supporting Files */,
			);
			path = WorldPaySDKDemoTests;
			sourceTree = "<group>";
		};
		811A0D7C1BB2F20100B73C09 /* Supporting Files */ = {
			isa = PBXGroup;
			children = (
				811A0D7D1BB2F20100B73C09 /* Info.plist */,
			);
			name = "Supporting Files";
			sourceTree = "<group>";
		};
		811A0DA01BB2F57800B73C09 /* Frameworks */ = {
			isa = PBXGroup;
			children = (
				813F2AF21D889708003F6716 /* WorldPaySDK_Miura.framework */,
				813F2AEE1D8896BA003F6716 /* WorldPaySDK_AC.framework */,
			);
			name = Frameworks;
			sourceTree = "<group>";
		};
		8908E7401DA5534700EBF673 /* Cells */ = {
			isa = PBXGroup;
			children = (
				8908E7411DA5536A00EBF673 /* TransactionDetailCell.h */,
				8908E7421DA5536A00EBF673 /* TransactionDetailCell.m */,
				8908E7431DA5536A00EBF673 /* TransactionDetailCell.xib */,
				8908E7461DA6E57B00EBF673 /* CardDataCell.h */,
				8908E7471DA6E57B00EBF673 /* CardDataCell.m */,
				8908E7481DA6E57B00EBF673 /* CardDataCell.xib */,
				8908E74B1DA6EBBC00EBF673 /* BillingAddressCell.h */,
				8908E74C1DA6EBBC00EBF673 /* BillingAddressCell.m */,
				8908E74D1DA6EBBC00EBF673 /* BillingAddressCell.xib */,
				8908E7501DA6FACB00EBF673 /* CustomerCell.h */,
				8908E7511DA6FACB00EBF673 /* CustomerCell.m */,
				8908E7521DA6FACB00EBF673 /* CustomerCell.xib */,
				89D2000D1DAECB160090C9AE /* BatchTransactionTableViewCell.h */,
				89D2000E1DAECB160090C9AE /* BatchTransactionTableViewCell.m */,
				89D2000F1DAECB160090C9AE /* BatchTransactionTableViewCell.xib */,
			);
			name = Cells;
			sourceTree = "<group>";
		};
		896A6ED91DAC25B300FD8F77 /* Controllers */ = {
			isa = PBXGroup;
			children = (
				896A6EE11DAC321B00FD8F77 /* LandscapeNavigationController.h */,
				896A6EE21DAC321B00FD8F77 /* LandscapeNavigationController.m */,
				8C2B20AF1DA3F23500643EEB /* TransactionViewController.h */,
				8C2B20B01DA3F23500643EEB /* TransactionViewController.m */,
				8C2B20B11DA3F23500643EEB /* TransactionViewController.xib */,
				89CB9EAD1DA461EE00E4F7E4 /* TransactionDetailViewController.h */,
				89CB9EAE1DA461EE00E4F7E4 /* TransactionDetailViewController.m */,
				89CB9EAF1DA461EE00E4F7E4 /* TransactionDetailViewController.xib */,
				896A6EDA1DAC265500FD8F77 /* SignatureViewController.h */,
				896A6EDB1DAC265500FD8F77 /* SignatureViewController.m */,
				896A6EDE1DAC267800FD8F77 /* SignatureViewController.xib */,
				894DF39E1DAD3FAE0043B01D /* VoidRefundViewController.h */,
				894DF39F1DAD3FAE0043B01D /* VoidRefundViewController.m */,
				894DF3A01DAD3FAE0043B01D /* VoidRefundViewController.xib */,
				89D200021DAEB6DC0090C9AE /* SettlementViewController.h */,
				89D200031DAEB6DC0090C9AE /* SettlementViewController.m */,
				89D200041DAEB6DC0090C9AE /* SettlementViewController.xib */,
				89D200091DAEC9780090C9AE /* BatchDetailTableViewController.h */,
				89D2000A1DAEC9780090C9AE /* BatchDetailTableViewController.m */,
				859D8E921DB0163F006BD88E /* VaultViewController.h */,
				859D8E931DB0163F006BD88E /* VaultViewController.m */,
				859D8E941DB0163F006BD88E /* VaultViewController.xib */,
				859D8E991DB01D59006BD88E /* CustomerViewController.h */,
				859D8E9A1DB01D59006BD88E /* CustomerViewController.m */,
				859D8E9B1DB01D59006BD88E /* CustomerViewController.xib */,
				859D8EA01DB01D76006BD88E /* CustomerListViewController.h */,
				859D8EA11DB01D76006BD88E /* CustomerListViewController.m */,
				859D8EA21DB01D76006BD88E /* CustomerListViewController.xib */,
				859D8EA71DB01D8F006BD88E /* CustomerDetailViewController.h */,
				859D8EA81DB01D8F006BD88E /* CustomerDetailViewController.m */,
				859D8EA91DB01D8F006BD88E /* CustomerDetailViewController.xib */,
				859D8EAE1DB01D9E006BD88E /* CustomerPaymentViewController.h */,
				859D8EAF1DB01D9E006BD88E /* CustomerPaymentViewController.m */,
				859D8EB01DB01D9E006BD88E /* CustomerPaymentViewController.xib */,
			);
			name = Controllers;
			sourceTree = "<group>";
		};
		8C2B20BA1DA3F2F800643EEB /* Controls */ = {
			isa = PBXGroup;
			children = (
				8C2B20B61DA3F2EA00643EEB /* DropDownTextField.h */,
				8C2B20B71DA3F2EA00643EEB /* DropDownTextField.m */,
				8CAE8A881DA6B5EE006DBC36 /* ExtendableView.h */,
				8CAE8A891DA6B5EE006DBC36 /* ExtendableView.m */,
				8CAE8A8C1DA6B605006DBC36 /* ExtendableView.xib */,
			);
			name = Controls;
			sourceTree = "<group>";
		};
		8CAE8A7B1DA69E8F006DBC36 /* Extensions */ = {
			isa = PBXGroup;
			children = (
				8CAE8A7C1DA69ED0006DBC36 /* UIColor+Worldpay.h */,
				8CAE8A7D1DA69ED0006DBC36 /* UIColor+Worldpay.m */,
				8CAE8A801DA6A26A006DBC36 /* UIFont+Worldpay.h */,
				8CAE8A811DA6A26A006DBC36 /* UIFont+Worldpay.m */,
				89A4DF661DA80FAF007F79D6 /* Helper.h */,
				89A4DF671DA8110E007F79D6 /* Helper.m */,
				894DF39A1DAD390D0043B01D /* Index.h */,
				894DF39B1DAD390D0043B01D /* Index.m */,
			);
			name = Extensions;
			sourceTree = "<group>";
		};
		8CAE8A8F1DA6F3C4006DBC36 /* Fonts */ = {
			isa = PBXGroup;
			children = (
				8CAE8A9C1DA6F7A4006DBC36 /* AdelleSans_Bold.otf */,
				8CAE8A9D1DA6F7A4006DBC36 /* AdelleSans_Regular.otf */,
			);
			name = Fonts;
			sourceTree = "<group>";
		};
		8CDEB6C01DA80FFF00F81B63 /* Views */ = {
			isa = PBXGroup;
			children = (
				8CDEB6C11DA8105100F81B63 /* ExtendedInformationView.h */,
				8CDEB6C21DA8105100F81B63 /* ExtendedInformationView.m */,
				8CDEB6C51DA8106600F81B63 /* ExtendedInformationView.xib */,
			);
			name = Views;
			sourceTree = "<group>";
		};
/* End PBXGroup section */

/* Begin PBXNativeTarget section */
		811A0D5B1BB2F20100B73C09 /* WorldPaySDKDemo_AC */ = {
			isa = PBXNativeTarget;
			buildConfigurationList = 811A0D821BB2F20100B73C09 /* Build configuration list for PBXNativeTarget "WorldPaySDKDemo_AC" */;
			buildPhases = (
				811A0D581BB2F20100B73C09 /* Sources */,
				811A0D591BB2F20100B73C09 /* Frameworks */,
				811A0D5A1BB2F20100B73C09 /* Resources */,
				811A0DA31BB2F75C00B73C09 /* Embed Frameworks */,
			);
			buildRules = (
			);
			dependencies = (
			);
			name = WorldPaySDKDemo_AC;
			productName = WorldPaySDKDemo;
			productReference = 811A0D5C1BB2F20100B73C09 /* WorldPaySDKDemo_AC.app */;
			productType = "com.apple.product-type.application";
		};
		811A0D771BB2F20100B73C09 /* WorldPaySDKDemoTests */ = {
			isa = PBXNativeTarget;
			buildConfigurationList = 811A0D851BB2F20100B73C09 /* Build configuration list for PBXNativeTarget "WorldPaySDKDemoTests" */;
			buildPhases = (
				811A0D741BB2F20100B73C09 /* Sources */,
				811A0D751BB2F20100B73C09 /* Frameworks */,
				811A0D761BB2F20100B73C09 /* Resources */,
			);
			buildRules = (
			);
			dependencies = (
				811A0D7A1BB2F20100B73C09 /* PBXTargetDependency */,
			);
			name = WorldPaySDKDemoTests;
			productName = WorldPaySDKDemoTests;
			productReference = 811A0D781BB2F20100B73C09 /* WorldPaySDKDemoTests.xctest */;
			productType = "com.apple.product-type.bundle.unit-test";
		};
		814EDBF41C69636E0010877C /* WorldPaySDKDemo_Miura */ = {
			isa = PBXNativeTarget;
			buildConfigurationList = 814EDC021C69636E0010877C /* Build configuration list for PBXNativeTarget "WorldPaySDKDemo_Miura" */;
			buildPhases = (
				814EDBF51C69636E0010877C /* Sources */,
				814EDBFA1C69636E0010877C /* Frameworks */,
				814EDBFD1C69636E0010877C /* Resources */,
				814EDC011C69636E0010877C /* Embed Frameworks */,
			);
			buildRules = (
			);
			dependencies = (
			);
			name = WorldPaySDKDemo_Miura;
			productName = WorldPaySDKDemo;
			productReference = 814EDC051C69636E0010877C /* WorldPaySDKDemo_Miura.app */;
			productType = "com.apple.product-type.application";
		};
/* End PBXNativeTarget section */

/* Begin PBXProject section */
		811A0D541BB2F20100B73C09 /* Project object */ = {
			isa = PBXProject;
			attributes = {
				LastUpgradeCheck = 0800;
				ORGANIZATIONNAME = WorldPay;
				TargetAttributes = {
					811A0D5B1BB2F20100B73C09 = {
						CreatedOnToolsVersion = 6.4;
						DevelopmentTeam = 9ZCF6P76B8;
					};
					811A0D771BB2F20100B73C09 = {
						CreatedOnToolsVersion = 6.4;
						TestTargetID = 811A0D5B1BB2F20100B73C09;
					};
					814EDBF41C69636E0010877C = {
						DevelopmentTeam = L9BL2S98Z6;
					};
				};
			};
			buildConfigurationList = 811A0D571BB2F20100B73C09 /* Build configuration list for PBXProject "WorldPaySDKDemo" */;
			compatibilityVersion = "Xcode 3.2";
			developmentRegion = English;
			hasScannedForEncodings = 0;
			knownRegions = (
				en,
				Base,
			);
			mainGroup = 811A0D531BB2F20100B73C09;
			productRefGroup = 811A0D5D1BB2F20100B73C09 /* Products */;
			projectDirPath = "";
			projectRoot = "";
			targets = (
				811A0D5B1BB2F20100B73C09 /* WorldPaySDKDemo_AC */,
				811A0D771BB2F20100B73C09 /* WorldPaySDKDemoTests */,
				814EDBF41C69636E0010877C /* WorldPaySDKDemo_Miura */,
			);
		};
/* End PBXProject section */

/* Begin PBXResourcesBuildPhase section */
		811A0D5A1BB2F20100B73C09 /* Resources */ = {
			isa = PBXResourcesBuildPhase;
			buildActionMask = 2147483647;
			files = (
				859D8EA51DB01D76006BD88E /* CustomerListViewController.xib in Resources */,
				89CB9EB11DA461EE00E4F7E4 /* TransactionDetailViewController.xib in Resources */,
				859D8E971DB0163F006BD88E /* VaultViewController.xib in Resources */,
				89D200071DAEB6DC0090C9AE /* SettlementViewController.xib in Resources */,
				8908E7451DA5536A00EBF673 /* TransactionDetailCell.xib in Resources */,
				811A0D731BB2F20100B73C09 /* LaunchScreen.xib in Resources */,
				8908E7541DA6FACB00EBF673 /* CustomerCell.xib in Resources */,
				811A0D701BB2F20100B73C09 /* Images.xcassets in Resources */,
				8CAE8A8D1DA6B605006DBC36 /* ExtendableView.xib in Resources */,
				8908E74F1DA6EBBC00EBF673 /* BillingAddressCell.xib in Resources */,
				8908E74A1DA6E57B00EBF673 /* CardDataCell.xib in Resources */,
				8C2B20B41DA3F23500643EEB /* TransactionViewController.xib in Resources */,
				894DF3A31DAD3FAE0043B01D /* VoidRefundViewController.xib in Resources */,
				859D8E9E1DB01D59006BD88E /* CustomerViewController.xib in Resources */,
				89D200121DAECB160090C9AE /* BatchTransactionTableViewCell.xib in Resources */,
				8CAE8AA01DA6F7A4006DBC36 /* AdelleSans_Regular.otf in Resources */,
				8CAE8A9E1DA6F7A4006DBC36 /* AdelleSans_Bold.otf in Resources */,
				859D8EAC1DB01D8F006BD88E /* CustomerDetailViewController.xib in Resources */,
				8CDEB6C61DA8106600F81B63 /* ExtendedInformationView.xib in Resources */,
				859D8EB31DB01D9E006BD88E /* CustomerPaymentViewController.xib in Resources */,
				8C068D011DA4146E00578C9D /* Main.storyboard in Resources */,
				896A6EDF1DAC267800FD8F77 /* SignatureViewController.xib in Resources */,
			);
			runOnlyForDeploymentPostprocessing = 0;
		};
		811A0D761BB2F20100B73C09 /* Resources */ = {
			isa = PBXResourcesBuildPhase;
			buildActionMask = 2147483647;
			files = (
			);
			runOnlyForDeploymentPostprocessing = 0;
		};
		814EDBFD1C69636E0010877C /* Resources */ = {
			isa = PBXResourcesBuildPhase;
			buildActionMask = 2147483647;
			files = (
				859D8EA61DB01D76006BD88E /* CustomerListViewController.xib in Resources */,
				814EDBFF1C69636E0010877C /* LaunchScreen.xib in Resources */,
				859D8E981DB0163F006BD88E /* VaultViewController.xib in Resources */,
				89D200081DAEB6DC0090C9AE /* SettlementViewController.xib in Resources */,
				896A6ED21DAC095600FD8F77 /* CardDataCell.xib in Resources */,
				814EDC001C69636E0010877C /* Images.xcassets in Resources */,
				8CAE8A8E1DA6B605006DBC36 /* ExtendableView.xib in Resources */,
				8C2B20B51DA3F23500643EEB /* TransactionViewController.xib in Resources */,
				8CAE8AA11DA6F7A4006DBC36 /* AdelleSans_Regular.otf in Resources */,
				8CAE8A9F1DA6F7A4006DBC36 /* AdelleSans_Bold.otf in Resources */,
				896A6ED41DAC096100FD8F77 /* BillingAddressCell.xib in Resources */,
				8CDEB6C71DA8106600F81B63 /* ExtendedInformationView.xib in Resources */,
				894DF3A41DAD3FAE0043B01D /* VoidRefundViewController.xib in Resources */,
				859D8E9F1DB01D59006BD88E /* CustomerViewController.xib in Resources */,
				89D200131DAECB160090C9AE /* BatchTransactionTableViewCell.xib in Resources */,
				896A6ED01DAC094D00FD8F77 /* TransactionDetailCell.xib in Resources */,
				8C068D021DA4147F00578C9D /* Main.storyboard in Resources */,
				859D8EAD1DB01D8F006BD88E /* CustomerDetailViewController.xib in Resources */,
				896A6ED71DAC137600FD8F77 /* TransactionDetailViewController.xib in Resources */,
				859D8EB41DB01D9E006BD88E /* CustomerPaymentViewController.xib in Resources */,
				896A6ED61DAC096900FD8F77 /* CustomerCell.xib in Resources */,
				896A6EE01DAC267800FD8F77 /* SignatureViewController.xib in Resources */,
			);
			runOnlyForDeploymentPostprocessing = 0;
		};
/* End PBXResourcesBuildPhase section */

/* Begin PBXSourcesBuildPhase section */
		811A0D581BB2F20100B73C09 /* Sources */ = {
			isa = PBXSourcesBuildPhase;
			buildActionMask = 2147483647;
			files = (
				894DF39C1DAD390D0043B01D /* Index.m in Sources */,
				8C2B20B81DA3F2EA00643EEB /* DropDownTextField.m in Sources */,
				811A0D651BB2F20100B73C09 /* AppDelegate.m in Sources */,
				8908E7441DA5536A00EBF673 /* TransactionDetailCell.m in Sources */,
				894DF3A11DAD3FAE0043B01D /* VoidRefundViewController.m in Sources */,
				859D8EAA1DB01D8F006BD88E /* CustomerDetailViewController.m in Sources */,
				89A4DF681DA8110E007F79D6 /* Helper.m in Sources */,
				859D8EB11DB01D9E006BD88E /* CustomerPaymentViewController.m in Sources */,
				89D200051DAEB6DC0090C9AE /* SettlementViewController.m in Sources */,
				896A6EDC1DAC265500FD8F77 /* SignatureViewController.m in Sources */,
				811A0D621BB2F20100B73C09 /* main.m in Sources */,
				8908E7491DA6E57B00EBF673 /* CardDataCell.m in Sources */,
				8CAE8A8A1DA6B5EE006DBC36 /* ExtendableView.m in Sources */,
				8CAE8A7E1DA69ED0006DBC36 /* UIColor+Worldpay.m in Sources */,
				896A6EE31DAC321B00FD8F77 /* LandscapeNavigationController.m in Sources */,
				8CDEB6C31DA8105100F81B63 /* ExtendedInformationView.m in Sources */,
				89D2000B1DAEC9780090C9AE /* BatchDetailTableViewController.m in Sources */,
				8C2B20B21DA3F23500643EEB /* TransactionViewController.m in Sources */,
				8908E74E1DA6EBBC00EBF673 /* BillingAddressCell.m in Sources */,
				859D8E9C1DB01D59006BD88E /* CustomerViewController.m in Sources */,
				859D8E951DB0163F006BD88E /* VaultViewController.m in Sources */,
				8CAE8A821DA6A26A006DBC36 /* UIFont+Worldpay.m in Sources */,
				859D8EA31DB01D76006BD88E /* CustomerListViewController.m in Sources */,
				8908E7531DA6FACB00EBF673 /* CustomerCell.m in Sources */,
				89D200101DAECB160090C9AE /* BatchTransactionTableViewCell.m in Sources */,
				89CB9EB01DA461EE00E4F7E4 /* TransactionDetailViewController.m in Sources */,
			);
			runOnlyForDeploymentPostprocessing = 0;
		};
		811A0D741BB2F20100B73C09 /* Sources */ = {
			isa = PBXSourcesBuildPhase;
			buildActionMask = 2147483647;
			files = (
				811A0D7F1BB2F20100B73C09 /* WorldPaySDKDemoTests.m in Sources */,
			);
			runOnlyForDeploymentPostprocessing = 0;
		};
		814EDBF51C69636E0010877C /* Sources */ = {
			isa = PBXSourcesBuildPhase;
			buildActionMask = 2147483647;
			files = (
				894DF39D1DAD390D0043B01D /* Index.m in Sources */,
				8C2B20B91DA3F2EA00643EEB /* DropDownTextField.m in Sources */,
				814EDBF61C69636E0010877C /* AppDelegate.m in Sources */,
				814EDBF81C69636E0010877C /* main.m in Sources */,
				894DF3A21DAD3FAE0043B01D /* VoidRefundViewController.m in Sources */,
				859D8EAB1DB01D8F006BD88E /* CustomerDetailViewController.m in Sources */,
				896A6ECE1DAC093100FD8F77 /* TransactionDetailViewController.m in Sources */,
				859D8EB21DB01D9E006BD88E /* CustomerPaymentViewController.m in Sources */,
				89D200061DAEB6DC0090C9AE /* SettlementViewController.m in Sources */,
				896A6EDD1DAC265500FD8F77 /* SignatureViewController.m in Sources */,
				8CAE8A8B1DA6B5EE006DBC36 /* ExtendableView.m in Sources */,
				8CAE8A7F1DA69ED0006DBC36 /* UIColor+Worldpay.m in Sources */,
				8CDEB6C41DA8105100F81B63 /* ExtendedInformationView.m in Sources */,
				896A6ECF1DAC094600FD8F77 /* TransactionDetailCell.m in Sources */,
				896A6EE41DAC321B00FD8F77 /* LandscapeNavigationController.m in Sources */,
				8C2B20B31DA3F23500643EEB /* TransactionViewController.m in Sources */,
				89D2000C1DAEC9780090C9AE /* BatchDetailTableViewController.m in Sources */,
				8CAE8A831DA6A26A006DBC36 /* UIFont+Worldpay.m in Sources */,
				896A6ED51DAC096500FD8F77 /* CustomerCell.m in Sources */,
				859D8E9D1DB01D59006BD88E /* CustomerViewController.m in Sources */,
				859D8E961DB0163F006BD88E /* VaultViewController.m in Sources */,
				896A6ED31DAC095D00FD8F77 /* BillingAddressCell.m in Sources */,
				859D8EA41DB01D76006BD88E /* CustomerListViewController.m in Sources */,
				89A4DF691DA8110E007F79D6 /* Helper.m in Sources */,
				89D200111DAECB160090C9AE /* BatchTransactionTableViewCell.m in Sources */,
				896A6ED11DAC095200FD8F77 /* CardDataCell.m in Sources */,
			);
			runOnlyForDeploymentPostprocessing = 0;
		};
/* End PBXSourcesBuildPhase section */

/* Begin PBXTargetDependency section */
		811A0D7A1BB2F20100B73C09 /* PBXTargetDependency */ = {
			isa = PBXTargetDependency;
			target = 811A0D5B1BB2F20100B73C09 /* WorldPaySDKDemo_AC */;
			targetProxy = 811A0D791BB2F20100B73C09 /* PBXContainerItemProxy */;
		};
/* End PBXTargetDependency section */

/* Begin PBXVariantGroup section */
		811A0D711BB2F20100B73C09 /* LaunchScreen.xib */ = {
			isa = PBXVariantGroup;
			children = (
				811A0D721BB2F20100B73C09 /* Base */,
			);
			name = LaunchScreen.xib;
			sourceTree = "<group>";
		};
/* End PBXVariantGroup section */

/* Begin XCBuildConfiguration section */
		811A0D801BB2F20100B73C09 /* Debug */ = {
			isa = XCBuildConfiguration;
			buildSettings = {
				ALWAYS_SEARCH_USER_PATHS = NO;
				CLANG_CXX_LANGUAGE_STANDARD = "gnu++0x";
				CLANG_CXX_LIBRARY = "libc++";
				CLANG_ENABLE_MODULES = YES;
				CLANG_ENABLE_OBJC_ARC = YES;
				CLANG_WARN_BOOL_CONVERSION = YES;
				CLANG_WARN_CONSTANT_CONVERSION = YES;
				CLANG_WARN_DIRECT_OBJC_ISA_USAGE = YES_ERROR;
				CLANG_WARN_EMPTY_BODY = YES;
				CLANG_WARN_ENUM_CONVERSION = YES;
				CLANG_WARN_INFINITE_RECURSION = YES;
				CLANG_WARN_INT_CONVERSION = YES;
				CLANG_WARN_OBJC_ROOT_CLASS = YES_ERROR;
				CLANG_WARN_SUSPICIOUS_MOVE = YES;
				CLANG_WARN_UNREACHABLE_CODE = YES;
				CLANG_WARN__DUPLICATE_METHOD_MATCH = YES;
				"CODE_SIGN_IDENTITY[sdk=iphoneos*]" = "iPhone Developer";
				COPY_PHASE_STRIP = NO;
				DEBUG_INFORMATION_FORMAT = "dwarf-with-dsym";
				ENABLE_BITCODE = NO;
				ENABLE_STRICT_OBJC_MSGSEND = YES;
				ENABLE_TESTABILITY = YES;
				GCC_C_LANGUAGE_STANDARD = gnu99;
				GCC_DYNAMIC_NO_PIC = NO;
				GCC_NO_COMMON_BLOCKS = YES;
				GCC_OPTIMIZATION_LEVEL = 0;
				GCC_PREPROCESSOR_DEFINITIONS = (
					"DEBUG=1",
					"$(inherited)",
				);
				GCC_SYMBOLS_PRIVATE_EXTERN = NO;
				GCC_WARN_64_TO_32_BIT_CONVERSION = YES;
				GCC_WARN_ABOUT_RETURN_TYPE = YES_ERROR;
				GCC_WARN_UNDECLARED_SELECTOR = YES;
				GCC_WARN_UNINITIALIZED_AUTOS = YES_AGGRESSIVE;
				GCC_WARN_UNUSED_FUNCTION = YES;
				GCC_WARN_UNUSED_VARIABLE = YES;
				IPHONEOS_DEPLOYMENT_TARGET = 8.0;
				LD_RUNPATH_SEARCH_PATHS = "@executable_path/Fra‌​meworks";
				MTL_ENABLE_DEBUG_INFO = YES;
				ONLY_ACTIVE_ARCH = YES;
				SDKROOT = iphoneos;
				TARGETED_DEVICE_FAMILY = "1,2";
			};
			name = Debug;
		};
		811A0D811BB2F20100B73C09 /* Release */ = {
			isa = XCBuildConfiguration;
			buildSettings = {
				ALWAYS_SEARCH_USER_PATHS = NO;
				CLANG_CXX_LANGUAGE_STANDARD = "gnu++0x";
				CLANG_CXX_LIBRARY = "libc++";
				CLANG_ENABLE_MODULES = YES;
				CLANG_ENABLE_OBJC_ARC = YES;
				CLANG_WARN_BOOL_CONVERSION = YES;
				CLANG_WARN_CONSTANT_CONVERSION = YES;
				CLANG_WARN_DIRECT_OBJC_ISA_USAGE = YES_ERROR;
				CLANG_WARN_EMPTY_BODY = YES;
				CLANG_WARN_ENUM_CONVERSION = YES;
				CLANG_WARN_INFINITE_RECURSION = YES;
				CLANG_WARN_INT_CONVERSION = YES;
				CLANG_WARN_OBJC_ROOT_CLASS = YES_ERROR;
				CLANG_WARN_SUSPICIOUS_MOVE = YES;
				CLANG_WARN_UNREACHABLE_CODE = YES;
				CLANG_WARN__DUPLICATE_METHOD_MATCH = YES;
				"CODE_SIGN_IDENTITY[sdk=iphoneos*]" = "iPhone Developer";
				COPY_PHASE_STRIP = NO;
				DEBUG_INFORMATION_FORMAT = "dwarf-with-dsym";
				ENABLE_BITCODE = NO;
				ENABLE_NS_ASSERTIONS = NO;
				ENABLE_STRICT_OBJC_MSGSEND = YES;
				GCC_C_LANGUAGE_STANDARD = gnu99;
				GCC_NO_COMMON_BLOCKS = YES;
				GCC_WARN_64_TO_32_BIT_CONVERSION = YES;
				GCC_WARN_ABOUT_RETURN_TYPE = YES_ERROR;
				GCC_WARN_UNDECLARED_SELECTOR = YES;
				GCC_WARN_UNINITIALIZED_AUTOS = YES_AGGRESSIVE;
				GCC_WARN_UNUSED_FUNCTION = YES;
				GCC_WARN_UNUSED_VARIABLE = YES;
				IPHONEOS_DEPLOYMENT_TARGET = 8.0;
				LD_RUNPATH_SEARCH_PATHS = "@executable_path/Fra‌​meworks";
				MTL_ENABLE_DEBUG_INFO = NO;
				SDKROOT = iphoneos;
				TARGETED_DEVICE_FAMILY = "1,2";
				VALIDATE_PRODUCT = YES;
			};
			name = Release;
		};
		811A0D831BB2F20100B73C09 /* Debug */ = {
			isa = XCBuildConfiguration;
			buildSettings = {
				ASSETCATALOG_COMPILER_APPICON_NAME = AppIcon;
				CODE_SIGN_IDENTITY = "iPhone Developer";
				DEVELOPMENT_TEAM = 9ZCF6P76B8;
				ENABLE_BITCODE = NO;
				FRAMEWORK_SEARCH_PATHS = (
					"$(inherited)",
					"$(PROJECT_DIR)",
				);
				GCC_PREPROCESSOR_DEFINITIONS = (
					"DEBUG=1",
					"$(inherited)",
					ANYWHERE_NOMAD,
				);
				INFOPLIST_FILE = "$(SRCROOT)/Info.plist";
				IPHONEOS_DEPLOYMENT_TARGET = 8.0;
				LD_RUNPATH_SEARCH_PATHS = "$(inherited) @executable_path/Frameworks";
				PRODUCT_BUNDLE_IDENTIFIER = "com.worldpay.WorldPaySDKDemo-AC";
				PRODUCT_NAME = "$(TARGET_NAME)";
				PROVISIONING_PROFILE = "";
			};
			name = Debug;
		};
		811A0D841BB2F20100B73C09 /* Release */ = {
			isa = XCBuildConfiguration;
			buildSettings = {
				ASSETCATALOG_COMPILER_APPICON_NAME = AppIcon;
				CODE_SIGN_IDENTITY = "iPhone Developer";
				DEVELOPMENT_TEAM = 9ZCF6P76B8;
				ENABLE_BITCODE = NO;
				FRAMEWORK_SEARCH_PATHS = (
					"$(inherited)",
					"$(PROJECT_DIR)",
				);
				GCC_PREPROCESSOR_DEFINITIONS = ANYWHERE_NOMAD;
				INFOPLIST_FILE = "$(SRCROOT)/Info.plist";
				IPHONEOS_DEPLOYMENT_TARGET = 8.0;
				LD_RUNPATH_SEARCH_PATHS = "$(inherited) @executable_path/Frameworks";
				PRODUCT_BUNDLE_IDENTIFIER = "com.worldpay.WorldPaySDKDemo-AC";
				PRODUCT_NAME = "$(TARGET_NAME)";
				PROVISIONING_PROFILE = "";
			};
			name = Release;
		};
		811A0D861BB2F20100B73C09 /* Debug */ = {
			isa = XCBuildConfiguration;
			buildSettings = {
				BUNDLE_LOADER = "$(TEST_HOST)";
				FRAMEWORK_SEARCH_PATHS = (
					"$(SDKROOT)/Developer/Library/Frameworks",
					"$(inherited)",
					"$(PROJECT_DIR)",
				);
				GCC_PREPROCESSOR_DEFINITIONS = (
					"DEBUG=1",
					"$(inherited)",
				);
				INFOPLIST_FILE = WorldPaySDKDemoTests/Info.plist;
				LD_RUNPATH_SEARCH_PATHS = "$(inherited) @executable_path/Frameworks @loader_path/Frameworks";
				PRODUCT_BUNDLE_IDENTIFIER = "com.worldpay.$(PRODUCT_NAME:rfc1034identifier)";
				PRODUCT_NAME = "$(TARGET_NAME)";
				TEST_HOST = "$(BUILT_PRODUCTS_DIR)/WorldPaySDKDemo.app/WorldPaySDKDemo";
			};
			name = Debug;
		};
		811A0D871BB2F20100B73C09 /* Release */ = {
			isa = XCBuildConfiguration;
			buildSettings = {
				BUNDLE_LOADER = "$(TEST_HOST)";
				FRAMEWORK_SEARCH_PATHS = (
					"$(SDKROOT)/Developer/Library/Frameworks",
					"$(inherited)",
					"$(PROJECT_DIR)",
				);
				INFOPLIST_FILE = WorldPaySDKDemoTests/Info.plist;
				LD_RUNPATH_SEARCH_PATHS = "$(inherited) @executable_path/Frameworks @loader_path/Frameworks";
				PRODUCT_BUNDLE_IDENTIFIER = "com.worldpay.$(PRODUCT_NAME:rfc1034identifier)";
				PRODUCT_NAME = "$(TARGET_NAME)";
				TEST_HOST = "$(BUILT_PRODUCTS_DIR)/WorldPaySDKDemo.app/WorldPaySDKDemo";
			};
			name = Release;
		};
		814EDC031C69636E0010877C /* Debug */ = {
			isa = XCBuildConfiguration;
			buildSettings = {
				ASSETCATALOG_COMPILER_APPICON_NAME = AppIcon;
				CODE_SIGN_IDENTITY = "iPhone Developer";
				"CODE_SIGN_IDENTITY[sdk=iphoneos*]" = "iPhone Developer";
				DEVELOPMENT_TEAM = L9BL2S98Z6;
				ENABLE_BITCODE = NO;
				FRAMEWORK_SEARCH_PATHS = (
					"$(inherited)",
					"$(PROJECT_DIR)",
				);
				INFOPLIST_FILE = "$(SRCROOT)/Info.plist";
				LD_RUNPATH_SEARCH_PATHS = "$(inherited) @executable_path/Frameworks";
				OTHER_LDFLAGS = "-ObjC";
				PRODUCT_BUNDLE_IDENTIFIER = "com.worldpay.demo-miura";
				PRODUCT_NAME = "$(TARGET_NAME)";
				PROVISIONING_PROFILE = "";
			};
			name = Debug;
		};
		814EDC041C69636E0010877C /* Release */ = {
			isa = XCBuildConfiguration;
			buildSettings = {
				ASSETCATALOG_COMPILER_APPICON_NAME = AppIcon;
				CODE_SIGN_IDENTITY = "iPhone Developer";
				"CODE_SIGN_IDENTITY[sdk=iphoneos*]" = "iPhone Developer";
				DEVELOPMENT_TEAM = L9BL2S98Z6;
				ENABLE_BITCODE = NO;
				FRAMEWORK_SEARCH_PATHS = (
					"$(inherited)",
					"$(PROJECT_DIR)",
				);
				INFOPLIST_FILE = "$(SRCROOT)/Info.plist";
				LD_RUNPATH_SEARCH_PATHS = "$(inherited) @executable_path/Frameworks";
				OTHER_LDFLAGS = "-ObjC";
				PRODUCT_BUNDLE_IDENTIFIER = "com.worldpay.demo-miura";
				PRODUCT_NAME = "$(TARGET_NAME)";
				PROVISIONING_PROFILE = "";
			};
			name = Release;
		};
/* End XCBuildConfiguration section */

/* Begin XCConfigurationList section */
		811A0D571BB2F20100B73C09 /* Build configuration list for PBXProject "WorldPaySDKDemo" */ = {
			isa = XCConfigurationList;
			buildConfigurations = (
				811A0D801BB2F20100B73C09 /* Debug */,
				811A0D811BB2F20100B73C09 /* Release */,
			);
			defaultConfigurationIsVisible = 0;
			defaultConfigurationName = Release;
		};
		811A0D821BB2F20100B73C09 /* Build configuration list for PBXNativeTarget "WorldPaySDKDemo_AC" */ = {
			isa = XCConfigurationList;
			buildConfigurations = (
				811A0D831BB2F20100B73C09 /* Debug */,
				811A0D841BB2F20100B73C09 /* Release */,
			);
			defaultConfigurationIsVisible = 0;
			defaultConfigurationName = Release;
		};
		811A0D851BB2F20100B73C09 /* Build configuration list for PBXNativeTarget "WorldPaySDKDemoTests" */ = {
			isa = XCConfigurationList;
			buildConfigurations = (
				811A0D861BB2F20100B73C09 /* Debug */,
				811A0D871BB2F20100B73C09 /* Release */,
			);
			defaultConfigurationIsVisible = 0;
			defaultConfigurationName = Release;
		};
		814EDC021C69636E0010877C /* Build configuration list for PBXNativeTarget "WorldPaySDKDemo_Miura" */ = {
			isa = XCConfigurationList;
			buildConfigurations = (
				814EDC031C69636E0010877C /* Debug */,
				814EDC041C69636E0010877C /* Release */,
			);
			defaultConfigurationIsVisible = 0;
			defaultConfigurationName = Release;
		};
/* End XCConfigurationList section */
	};
	rootObject = 811A0D541BB2F20100B73C09 /* Project object */;
}
